// !$*UTF8*$!
{
	archiveVersion = 1;
	classes = {
	};
	objectVersion = 55;
	objects = {

/* Begin PBXBuildFile section */
		6912805F276398EB00712739 /* PortfolioEditViewController.swift in Sources */ = {isa = PBXBuildFile; fileRef = 6912805E276398EB00712739 /* PortfolioEditViewController.swift */; };
		6918F343281E39A7008B3404 /* DesignShare.swift in Sources */ = {isa = PBXBuildFile; fileRef = 6918F342281E39A7008B3404 /* DesignShare.swift */; };
		691A7BA2276460C6003DCB05 /* Todocell.swift in Sources */ = {isa = PBXBuildFile; fileRef = 691A7BA1276460C6003DCB05 /* Todocell.swift */; };
		6922197D27C13CF600A03788 /* QuestionPlusViewController.swift in Sources */ = {isa = PBXBuildFile; fileRef = 6922197C27C13CF600A03788 /* QuestionPlusViewController.swift */; };
		6922197F27C1511000A03788 /* AnswerViewController.swift in Sources */ = {isa = PBXBuildFile; fileRef = 6922197E27C1510F00A03788 /* AnswerViewController.swift */; };
		6937CC9328339F220070F844 /* Notification.swift in Sources */ = {isa = PBXBuildFile; fileRef = 6937CC9228339F220070F844 /* Notification.swift */; };
		6965DE6A275DEF1C0072C16A /* StudentItem.swift in Sources */ = {isa = PBXBuildFile; fileRef = 6965DE67275DEF1B0072C16A /* StudentItem.swift */; };
		6965DE6B275DEF1C0072C16A /* ClassItem.swift in Sources */ = {isa = PBXBuildFile; fileRef = 6965DE68275DEF1C0072C16A /* ClassItem.swift */; };
		6965DE6C275DEF1C0072C16A /* TeacherItem.swift in Sources */ = {isa = PBXBuildFile; fileRef = 6965DE69275DEF1C0072C16A /* TeacherItem.swift */; };
		6965DE70275DEF290072C16A /* UIView.swift in Sources */ = {isa = PBXBuildFile; fileRef = 6965DE6D275DEF280072C16A /* UIView.swift */; };
		6965DE71275DEF290072C16A /* UIColor.swift in Sources */ = {isa = PBXBuildFile; fileRef = 6965DE6E275DEF280072C16A /* UIColor.swift */; };
		6965DE72275DEF290072C16A /* Date.swift in Sources */ = {isa = PBXBuildFile; fileRef = 6965DE6F275DEF280072C16A /* Date.swift */; };
		6965DE75275DEF330072C16A /* CardTableViewCell.swift in Sources */ = {isa = PBXBuildFile; fileRef = 6965DE73275DEF320072C16A /* CardTableViewCell.swift */; };
		6965DE76275DEF330072C16A /* PlusTableViewCell.swift in Sources */ = {isa = PBXBuildFile; fileRef = 6965DE74275DEF320072C16A /* PlusTableViewCell.swift */; };
		6965DE78275DEF3B0072C16A /* LoginRepository.swift in Sources */ = {isa = PBXBuildFile; fileRef = 6965DE77275DEF3B0072C16A /* LoginRepository.swift */; };
		6965DE7A275DEF410072C16A /* CircleButton.swift in Sources */ = {isa = PBXBuildFile; fileRef = 6965DE79275DEF410072C16A /* CircleButton.swift */; };
		6965DE7C275DEF490072C16A /* PayType.swift in Sources */ = {isa = PBXBuildFile; fileRef = 6965DE7B275DEF490072C16A /* PayType.swift */; };
		6965DE7E275DEF5D0072C16A /* AddStudentDelegate.swift in Sources */ = {isa = PBXBuildFile; fileRef = 6965DE7D275DEF5D0072C16A /* AddStudentDelegate.swift */; };
		6965DE83275DEF670072C16A /* AddStudentVC.swift in Sources */ = {isa = PBXBuildFile; fileRef = 6965DE7F275DEF670072C16A /* AddStudentVC.swift */; };
		6965DE84275DEF670072C16A /* MyClassVC.swift in Sources */ = {isa = PBXBuildFile; fileRef = 6965DE80275DEF670072C16A /* MyClassVC.swift */; };
		6965DE85275DEF670072C16A /* BaseVC.swift in Sources */ = {isa = PBXBuildFile; fileRef = 6965DE81275DEF670072C16A /* BaseVC.swift */; };
		6965DE86275DEF670072C16A /* ClassInfoVC.swift in Sources */ = {isa = PBXBuildFile; fileRef = 6965DE82275DEF670072C16A /* ClassInfoVC.swift */; };
		6993502A27CDECA100EA6C6F /* QuestionDetailViewController.swift in Sources */ = {isa = PBXBuildFile; fileRef = 6993502927CDECA000EA6C6F /* QuestionDetailViewController.swift */; };
		6993502C27CDECCE00EA6C6F /* QnADetailViewController.swift in Sources */ = {isa = PBXBuildFile; fileRef = 6993502B27CDECCE00EA6C6F /* QnADetailViewController.swift */; };
		69E5F6902764C762003D7DD1 /* QuestionViewController.swift in Sources */ = {isa = PBXBuildFile; fileRef = 69E5F68F2764C762003D7DD1 /* QuestionViewController.swift */; };
		69EE72AF275D0662007F6F7C /* PlusGraphViewController.swift in Sources */ = {isa = PBXBuildFile; fileRef = 69EE72AE275D0661007F6F7C /* PlusGraphViewController.swift */; };
		69EE72B2275D11C2007F6F7C /* MypageViewController.swift in Sources */ = {isa = PBXBuildFile; fileRef = 69EE72B1275D11C2007F6F7C /* MypageViewController.swift */; };
		69EE72B6275D1451007F6F7C /* StudentSubInfoController.swift in Sources */ = {isa = PBXBuildFile; fileRef = 69EE72B5275D1451007F6F7C /* StudentSubInfoController.swift */; };
		6F2ED45027B3444800DD7CB7 /* QuestionListViewController.swift in Sources */ = {isa = PBXBuildFile; fileRef = 6F2ED44F27B3444800DD7CB7 /* QuestionListViewController.swift */; };
		6F86FBD427B37FDC00670928 /* QuestionListItem.swift in Sources */ = {isa = PBXBuildFile; fileRef = 6F86FBD327B37FDC00670928 /* QuestionListItem.swift */; };
		6FA406F42764D63900ED847F /* QuestionItem.swift in Sources */ = {isa = PBXBuildFile; fileRef = 6FA406F32764D63900ED847F /* QuestionItem.swift */; };
		6FA5E4D02767843400C879AF /* ColorUtils.swift in Sources */ = {isa = PBXBuildFile; fileRef = 6FA5E4CF2767843400C879AF /* ColorUtils.swift */; };
		6FB9139927B3A1C2000154FF /* QuestionListTableViewImageCell.swift in Sources */ = {isa = PBXBuildFile; fileRef = 6FB9139827B3A1C2000154FF /* QuestionListTableViewImageCell.swift */; };
		6FB9139B27B3A499000154FF /* QuestionListTableViewCell.swift in Sources */ = {isa = PBXBuildFile; fileRef = 6FB9139A27B3A499000154FF /* QuestionListTableViewCell.swift */; };
		6FBF7BBC27B5E49300ED0144 /* QuestionListViewDelegate.swift in Sources */ = {isa = PBXBuildFile; fileRef = 6FBF7BBB27B5E49300ED0144 /* QuestionListViewDelegate.swift */; };
		6FE4FB2927BD376C000E16F4 /* GoogleService-Info.plist in Resources */ = {isa = PBXBuildFile; fileRef = 6FE4FB2827BD376C000E16F4 /* GoogleService-Info.plist */; };
		6FF28C0A2766135000D3BDE9 /* QuestionTableViewCell.swift in Sources */ = {isa = PBXBuildFile; fileRef = 6FF28C092766135000D3BDE9 /* QuestionTableViewCell.swift */; };
		6FFDBAE727D88004006B0622 /* EditClassVC.swift in Sources */ = {isa = PBXBuildFile; fileRef = 6FFDBAE627D88004006B0622 /* EditClassVC.swift */; };
		6FFDECC927CDF9380028B652 /* QuestionAnsweredListItem.swift in Sources */ = {isa = PBXBuildFile; fileRef = 6FFDECC827CDF9380028B652 /* QuestionAnsweredListItem.swift */; };
		7F16D1442749390300745522 /* AppDelegate.swift in Sources */ = {isa = PBXBuildFile; fileRef = 7F16D1432749390300745522 /* AppDelegate.swift */; };
		7F16D1462749390300745522 /* SceneDelegate.swift in Sources */ = {isa = PBXBuildFile; fileRef = 7F16D1452749390300745522 /* SceneDelegate.swift */; };
		7F16D1482749390300745522 /* SignInViewController.swift in Sources */ = {isa = PBXBuildFile; fileRef = 7F16D1472749390300745522 /* SignInViewController.swift */; };
		7F16D14D2749390500745522 /* Assets.xcassets in Resources */ = {isa = PBXBuildFile; fileRef = 7F16D14C2749390500745522 /* Assets.xcassets */; };
		7F16D1502749390500745522 /* LaunchScreen.storyboard in Resources */ = {isa = PBXBuildFile; fileRef = 7F16D14E2749390500745522 /* LaunchScreen.storyboard */; };
		7F16D15A274941ED00745522 /* HomeViewController.swift in Sources */ = {isa = PBXBuildFile; fileRef = 7F16D159274941ED00745522 /* HomeViewController.swift */; };
		7F16D16127496FC800745522 /* TypeSelectViewController.swift in Sources */ = {isa = PBXBuildFile; fileRef = 7F16D16027496FC800745522 /* TypeSelectViewController.swift */; };
		7F17FB83275BB45500834B4D /* ScheduleCellTableViewCell.swift in Sources */ = {isa = PBXBuildFile; fileRef = 7F17FB82275BB45500834B4D /* ScheduleCellTableViewCell.swift */; };
		7F1CE0EE283237EA00EBBA8B /* GraphViewController.swift in Sources */ = {isa = PBXBuildFile; fileRef = 7F1CE0ED283237EA00EBBA8B /* GraphViewController.swift */; };
		7F1CE0F02832382000EBBA8B /* ToDoListViewController.swift in Sources */ = {isa = PBXBuildFile; fileRef = 7F1CE0EF2832382000EBBA8B /* ToDoListViewController.swift */; };
		7F2E9E9B27DB1BDD008991EB /* ParentHomeViewController.swift in Sources */ = {isa = PBXBuildFile; fileRef = 7F2E9E9A27DB1BDD008991EB /* ParentHomeViewController.swift */; };
		7F2E9E9D27DB1DBD008991EB /* ParentMyPageViewController.swift in Sources */ = {isa = PBXBuildFile; fileRef = 7F2E9E9C27DB1DBD008991EB /* ParentMyPageViewController.swift */; };
		7F2E9E9F27DB2217008991EB /* TabBarController.swift in Sources */ = {isa = PBXBuildFile; fileRef = 7F2E9E9E27DB2217008991EB /* TabBarController.swift */; };
		7F2E9EA127DB23D1008991EB /* StudentEvaluationCell.swift in Sources */ = {isa = PBXBuildFile; fileRef = 7F2E9EA027DB23D1008991EB /* StudentEvaluationCell.swift */; };
		7F2E9EA327DB482B008991EB /* EvaluationItem.swift in Sources */ = {isa = PBXBuildFile; fileRef = 7F2E9EA227DB482A008991EB /* EvaluationItem.swift */; };
		7F2EC22627F5CC8F005A9214 /* LoadingHUD.swift in Sources */ = {isa = PBXBuildFile; fileRef = 7F2EC22527F5CC8F005A9214 /* LoadingHUD.swift */; };
		7F33791227FBDECC00E1FC1C /* StringUtils.swift in Sources */ = {isa = PBXBuildFile; fileRef = 7F33791127FBDECC00E1FC1C /* StringUtils.swift */; };
		7F3E3C512830A135005159BC /* EmailVerificationViewController.swift in Sources */ = {isa = PBXBuildFile; fileRef = 7F3E3C502830A135005159BC /* EmailVerificationViewController.swift */; };
		7F4285312765034500BA0310 /* ShowPortfolioViewController.swift in Sources */ = {isa = PBXBuildFile; fileRef = 7F4285302765034500BA0310 /* ShowPortfolioViewController.swift */; };
		7F5278B7282FFFA2001AC18A /* MainViewController.swift in Sources */ = {isa = PBXBuildFile; fileRef = 7F5278B6282FFFA2001AC18A /* MainViewController.swift */; };
		7F63AB6F27B4E3620081ED49 /* TermViewController.swift in Sources */ = {isa = PBXBuildFile; fileRef = 7F63AB6E27B4E3620081ED49 /* TermViewController.swift */; };
		7F645B64282A960200FF2BC6 /* BarChartFunction.swift in Sources */ = {isa = PBXBuildFile; fileRef = 7F645B63282A960200FF2BC6 /* BarChartFunction.swift */; };
		7F645B66282A962200FF2BC6 /* CalendarFunction.swift in Sources */ = {isa = PBXBuildFile; fileRef = 7F645B65282A962200FF2BC6 /* CalendarFunction.swift */; };
		7F645B68282A963D00FF2BC6 /* FunctionShare.swift in Sources */ = {isa = PBXBuildFile; fileRef = 7F645B67282A963D00FF2BC6 /* FunctionShare.swift */; };
		7F6E5E4B27B2C00000292601 /* SettingViewController.swift in Sources */ = {isa = PBXBuildFile; fileRef = 7F6E5E4A27B2C00000292601 /* SettingViewController.swift */; };
		7F6E5E4D27B2C3ED00292601 /* CheckPasswordViewController.swift in Sources */ = {isa = PBXBuildFile; fileRef = 7F6E5E4C27B2C3ED00292601 /* CheckPasswordViewController.swift */; };
		7F716942276498B0001FD4F4 /* LogInViewController.swift in Sources */ = {isa = PBXBuildFile; fileRef = 7F716941276498B0001FD4F4 /* LogInViewController.swift */; };
		7F716946276499CA001FD4F4 /* Main.storyboard in Resources */ = {isa = PBXBuildFile; fileRef = 7F716945276499CA001FD4F4 /* Main.storyboard */; };
		7F7818E827B3AE2600241655 /* EditInfoViewController.swift in Sources */ = {isa = PBXBuildFile; fileRef = 7F7818E727B3AE2600241655 /* EditInfoViewController.swift */; };
		7F8CC8FA275BB29E00BE195D /* ScheduleListViewController.swift in Sources */ = {isa = PBXBuildFile; fileRef = 7F8CC8F9275BB29E00BE195D /* ScheduleListViewController.swift */; };
		7F94E55D27FAF245000047A7 /* ResetPasswordViewController.swift in Sources */ = {isa = PBXBuildFile; fileRef = 7F94E55C27FAF245000047A7 /* ResetPasswordViewController.swift */; };
		7F9B8AF127E0CA11008B705B /* ParentDetailEvaluationViewController.swift in Sources */ = {isa = PBXBuildFile; fileRef = 7F9B8AF027E0CA11008B705B /* ParentDetailEvaluationViewController.swift */; };
		7F9B8AF327E0D31A008B705B /* TeacherEvaluationViewController.swift in Sources */ = {isa = PBXBuildFile; fileRef = 7F9B8AF227E0D31A008B705B /* TeacherEvaluationViewController.swift */; };
		7FA020972834B1B500251225 /* logo.png in Resources */ = {isa = PBXBuildFile; fileRef = 7FA020962834B1B500251225 /* logo.png */; };
		7FA6B7D627C0C67100BFEBDA /* SecessionViewController.swift in Sources */ = {isa = PBXBuildFile; fileRef = 7FA6B7D527C0C67100BFEBDA /* SecessionViewController.swift */; };
		7FB50F7C27FC63C500BC2B09 /* FirebaseAuthentication.swift in Sources */ = {isa = PBXBuildFile; fileRef = 7FB50F7B27FC63C500BC2B09 /* FirebaseAuthentication.swift */; };
		7FBC6B1227EA05720067BAD5 /* PlusPortfolioCell.swift in Sources */ = {isa = PBXBuildFile; fileRef = 7FBC6B1127EA05720067BAD5 /* PlusPortfolioCell.swift */; };
		7FBC6B1427EA05930067BAD5 /* PortfolioDefaultCell.swift in Sources */ = {isa = PBXBuildFile; fileRef = 7FBC6B1327EA05930067BAD5 /* PortfolioDefaultCell.swift */; };
		7FBC6B1627EA06690067BAD5 /* PortfolioTableViewController.swift in Sources */ = {isa = PBXBuildFile; fileRef = 7FBC6B1527EA06690067BAD5 /* PortfolioTableViewController.swift */; };
		7FBC6B1827EA0A0A0067BAD5 /* AddPortfolioItemViewController.swift in Sources */ = {isa = PBXBuildFile; fileRef = 7FBC6B1727EA0A0A0067BAD5 /* AddPortfolioItemViewController.swift */; };
		7FCEBE7C2831189500A259E6 /* MyCollectionViewCell.swift in Sources */ = {isa = PBXBuildFile; fileRef = 7FCEBE7B2831189500A259E6 /* MyCollectionViewCell.swift */; };
		7FCEBE7E283118DB00A259E6 /* MyClassDetailViewController.swift in Sources */ = {isa = PBXBuildFile; fileRef = 7FCEBE7D283118DB00A259E6 /* MyClassDetailViewController.swift */; };
		7FD18BE8281EB7D000FB86C0 /* CustomFirebaseAPI.swift in Sources */ = {isa = PBXBuildFile; fileRef = 7FD18BE7281EB7D000FB86C0 /* CustomFirebaseAPI.swift */; };
		7FF2EF29274CF84200EBAB85 /* AddScheduleViewController.swift in Sources */ = {isa = PBXBuildFile; fileRef = 7FF2EF28274CF84200EBAB85 /* AddScheduleViewController.swift */; };
		7FF68A782750C698004EB9E6 /* DetailClassViewController.swift in Sources */ = {isa = PBXBuildFile; fileRef = 7FF68A772750C698004EB9E6 /* DetailClassViewController.swift */; };
		CD13139741E4256CB5B9AA88 /* Pods_BINDER.framework in Frameworks */ = {isa = PBXBuildFile; fileRef = C86D2241045D496397DACDDB /* Pods_BINDER.framework */; };
/* End PBXBuildFile section */

/* Begin PBXFileReference section */
		6912805E276398EB00712739 /* PortfolioEditViewController.swift */ = {isa = PBXFileReference; lastKnownFileType = sourcecode.swift; path = PortfolioEditViewController.swift; sourceTree = "<group>"; };
		6918F342281E39A7008B3404 /* DesignShare.swift */ = {isa = PBXFileReference; lastKnownFileType = sourcecode.swift; path = DesignShare.swift; sourceTree = "<group>"; };
		691A7BA1276460C6003DCB05 /* Todocell.swift */ = {isa = PBXFileReference; lastKnownFileType = sourcecode.swift; path = Todocell.swift; sourceTree = "<group>"; };
		6922197C27C13CF600A03788 /* QuestionPlusViewController.swift */ = {isa = PBXFileReference; lastKnownFileType = sourcecode.swift; path = QuestionPlusViewController.swift; sourceTree = "<group>"; };
		6922197E27C1510F00A03788 /* AnswerViewController.swift */ = {isa = PBXFileReference; lastKnownFileType = sourcecode.swift; path = AnswerViewController.swift; sourceTree = "<group>"; };
		6937CC9228339F220070F844 /* Notification.swift */ = {isa = PBXFileReference; lastKnownFileType = sourcecode.swift; path = Notification.swift; sourceTree = "<group>"; };
		6965DE67275DEF1B0072C16A /* StudentItem.swift */ = {isa = PBXFileReference; fileEncoding = 4; lastKnownFileType = sourcecode.swift; path = StudentItem.swift; sourceTree = "<group>"; };
		6965DE68275DEF1C0072C16A /* ClassItem.swift */ = {isa = PBXFileReference; fileEncoding = 4; lastKnownFileType = sourcecode.swift; path = ClassItem.swift; sourceTree = "<group>"; };
		6965DE69275DEF1C0072C16A /* TeacherItem.swift */ = {isa = PBXFileReference; fileEncoding = 4; lastKnownFileType = sourcecode.swift; path = TeacherItem.swift; sourceTree = "<group>"; };
		6965DE6D275DEF280072C16A /* UIView.swift */ = {isa = PBXFileReference; fileEncoding = 4; lastKnownFileType = sourcecode.swift; path = UIView.swift; sourceTree = "<group>"; };
		6965DE6E275DEF280072C16A /* UIColor.swift */ = {isa = PBXFileReference; fileEncoding = 4; lastKnownFileType = sourcecode.swift; path = UIColor.swift; sourceTree = "<group>"; };
		6965DE6F275DEF280072C16A /* Date.swift */ = {isa = PBXFileReference; fileEncoding = 4; lastKnownFileType = sourcecode.swift; path = Date.swift; sourceTree = "<group>"; };
		6965DE73275DEF320072C16A /* CardTableViewCell.swift */ = {isa = PBXFileReference; fileEncoding = 4; lastKnownFileType = sourcecode.swift; path = CardTableViewCell.swift; sourceTree = "<group>"; };
		6965DE74275DEF320072C16A /* PlusTableViewCell.swift */ = {isa = PBXFileReference; fileEncoding = 4; lastKnownFileType = sourcecode.swift; path = PlusTableViewCell.swift; sourceTree = "<group>"; };
		6965DE77275DEF3B0072C16A /* LoginRepository.swift */ = {isa = PBXFileReference; fileEncoding = 4; lastKnownFileType = sourcecode.swift; path = LoginRepository.swift; sourceTree = "<group>"; };
		6965DE79275DEF410072C16A /* CircleButton.swift */ = {isa = PBXFileReference; fileEncoding = 4; lastKnownFileType = sourcecode.swift; path = CircleButton.swift; sourceTree = "<group>"; };
		6965DE7B275DEF490072C16A /* PayType.swift */ = {isa = PBXFileReference; fileEncoding = 4; lastKnownFileType = sourcecode.swift; path = PayType.swift; sourceTree = "<group>"; };
		6965DE7D275DEF5D0072C16A /* AddStudentDelegate.swift */ = {isa = PBXFileReference; fileEncoding = 4; lastKnownFileType = sourcecode.swift; path = AddStudentDelegate.swift; sourceTree = "<group>"; };
		6965DE7F275DEF670072C16A /* AddStudentVC.swift */ = {isa = PBXFileReference; fileEncoding = 4; lastKnownFileType = sourcecode.swift; path = AddStudentVC.swift; sourceTree = "<group>"; };
		6965DE80275DEF670072C16A /* MyClassVC.swift */ = {isa = PBXFileReference; fileEncoding = 4; lastKnownFileType = sourcecode.swift; path = MyClassVC.swift; sourceTree = "<group>"; };
		6965DE81275DEF670072C16A /* BaseVC.swift */ = {isa = PBXFileReference; fileEncoding = 4; lastKnownFileType = sourcecode.swift; path = BaseVC.swift; sourceTree = "<group>"; };
		6965DE82275DEF670072C16A /* ClassInfoVC.swift */ = {isa = PBXFileReference; fileEncoding = 4; lastKnownFileType = sourcecode.swift; path = ClassInfoVC.swift; sourceTree = "<group>"; };
		6993502927CDECA000EA6C6F /* QuestionDetailViewController.swift */ = {isa = PBXFileReference; lastKnownFileType = sourcecode.swift; path = QuestionDetailViewController.swift; sourceTree = "<group>"; };
		6993502B27CDECCE00EA6C6F /* QnADetailViewController.swift */ = {isa = PBXFileReference; lastKnownFileType = sourcecode.swift; path = QnADetailViewController.swift; sourceTree = "<group>"; };
		69E5F68F2764C762003D7DD1 /* QuestionViewController.swift */ = {isa = PBXFileReference; fileEncoding = 4; lastKnownFileType = sourcecode.swift; path = QuestionViewController.swift; sourceTree = "<group>"; };
		69EE72AE275D0661007F6F7C /* PlusGraphViewController.swift */ = {isa = PBXFileReference; lastKnownFileType = sourcecode.swift; path = PlusGraphViewController.swift; sourceTree = "<group>"; };
		69EE72B1275D11C2007F6F7C /* MypageViewController.swift */ = {isa = PBXFileReference; lastKnownFileType = sourcecode.swift; path = MypageViewController.swift; sourceTree = "<group>"; };
		69EE72B5275D1451007F6F7C /* StudentSubInfoController.swift */ = {isa = PBXFileReference; lastKnownFileType = sourcecode.swift; path = StudentSubInfoController.swift; sourceTree = "<group>"; };
		6F2ED44F27B3444800DD7CB7 /* QuestionListViewController.swift */ = {isa = PBXFileReference; lastKnownFileType = sourcecode.swift; path = QuestionListViewController.swift; sourceTree = "<group>"; };
		6F86FBD327B37FDC00670928 /* QuestionListItem.swift */ = {isa = PBXFileReference; lastKnownFileType = sourcecode.swift; path = QuestionListItem.swift; sourceTree = "<group>"; };
		6FA406F32764D63900ED847F /* QuestionItem.swift */ = {isa = PBXFileReference; lastKnownFileType = sourcecode.swift; path = QuestionItem.swift; sourceTree = "<group>"; };
		6FA5E4CF2767843400C879AF /* ColorUtils.swift */ = {isa = PBXFileReference; fileEncoding = 4; lastKnownFileType = sourcecode.swift; path = ColorUtils.swift; sourceTree = "<group>"; };
		6FB9139827B3A1C2000154FF /* QuestionListTableViewImageCell.swift */ = {isa = PBXFileReference; lastKnownFileType = sourcecode.swift; name = QuestionListTableViewImageCell.swift; path = BINDER/ViewController/models/QuestionListTableViewImageCell.swift; sourceTree = SOURCE_ROOT; };
		6FB9139A27B3A499000154FF /* QuestionListTableViewCell.swift */ = {isa = PBXFileReference; lastKnownFileType = sourcecode.swift; path = QuestionListTableViewCell.swift; sourceTree = "<group>"; };
		6FBF7BBB27B5E49300ED0144 /* QuestionListViewDelegate.swift */ = {isa = PBXFileReference; lastKnownFileType = sourcecode.swift; path = QuestionListViewDelegate.swift; sourceTree = "<group>"; };
		6FE4FB2827BD376C000E16F4 /* GoogleService-Info.plist */ = {isa = PBXFileReference; fileEncoding = 4; lastKnownFileType = text.plist.xml; path = "GoogleService-Info.plist"; sourceTree = "<group>"; };
		6FF28C092766135000D3BDE9 /* QuestionTableViewCell.swift */ = {isa = PBXFileReference; lastKnownFileType = sourcecode.swift; path = QuestionTableViewCell.swift; sourceTree = "<group>"; };
		6FFDBAE627D88004006B0622 /* EditClassVC.swift */ = {isa = PBXFileReference; lastKnownFileType = sourcecode.swift; path = EditClassVC.swift; sourceTree = "<group>"; };
		6FFDECC827CDF9380028B652 /* QuestionAnsweredListItem.swift */ = {isa = PBXFileReference; lastKnownFileType = sourcecode.swift; path = QuestionAnsweredListItem.swift; sourceTree = "<group>"; };
		7F16D1402749390300745522 /* BINDER.app */ = {isa = PBXFileReference; explicitFileType = wrapper.application; includeInIndex = 0; path = BINDER.app; sourceTree = BUILT_PRODUCTS_DIR; };
		7F16D1432749390300745522 /* AppDelegate.swift */ = {isa = PBXFileReference; lastKnownFileType = sourcecode.swift; path = AppDelegate.swift; sourceTree = "<group>"; };
		7F16D1452749390300745522 /* SceneDelegate.swift */ = {isa = PBXFileReference; lastKnownFileType = sourcecode.swift; path = SceneDelegate.swift; sourceTree = "<group>"; };
		7F16D1472749390300745522 /* SignInViewController.swift */ = {isa = PBXFileReference; lastKnownFileType = sourcecode.swift; path = SignInViewController.swift; sourceTree = "<group>"; };
		7F16D14C2749390500745522 /* Assets.xcassets */ = {isa = PBXFileReference; lastKnownFileType = folder.assetcatalog; path = Assets.xcassets; sourceTree = "<group>"; };
		7F16D14F2749390500745522 /* Base */ = {isa = PBXFileReference; lastKnownFileType = file.storyboard; name = Base; path = Base.lproj/LaunchScreen.storyboard; sourceTree = "<group>"; };
		7F16D1512749390500745522 /* Info.plist */ = {isa = PBXFileReference; lastKnownFileType = text.plist.xml; path = Info.plist; sourceTree = "<group>"; };
		7F16D159274941ED00745522 /* HomeViewController.swift */ = {isa = PBXFileReference; lastKnownFileType = sourcecode.swift; path = HomeViewController.swift; sourceTree = "<group>"; };
		7F16D16027496FC800745522 /* TypeSelectViewController.swift */ = {isa = PBXFileReference; lastKnownFileType = sourcecode.swift; path = TypeSelectViewController.swift; sourceTree = "<group>"; };
		7F17FB82275BB45500834B4D /* ScheduleCellTableViewCell.swift */ = {isa = PBXFileReference; lastKnownFileType = sourcecode.swift; path = ScheduleCellTableViewCell.swift; sourceTree = "<group>"; };
		7F1CE0ED283237EA00EBBA8B /* GraphViewController.swift */ = {isa = PBXFileReference; lastKnownFileType = sourcecode.swift; path = GraphViewController.swift; sourceTree = "<group>"; };
		7F1CE0EF2832382000EBBA8B /* ToDoListViewController.swift */ = {isa = PBXFileReference; lastKnownFileType = sourcecode.swift; path = ToDoListViewController.swift; sourceTree = "<group>"; };
		7F2E9E9A27DB1BDD008991EB /* ParentHomeViewController.swift */ = {isa = PBXFileReference; lastKnownFileType = sourcecode.swift; path = ParentHomeViewController.swift; sourceTree = "<group>"; };
		7F2E9E9C27DB1DBD008991EB /* ParentMyPageViewController.swift */ = {isa = PBXFileReference; lastKnownFileType = sourcecode.swift; path = ParentMyPageViewController.swift; sourceTree = "<group>"; };
		7F2E9E9E27DB2217008991EB /* TabBarController.swift */ = {isa = PBXFileReference; lastKnownFileType = sourcecode.swift; path = TabBarController.swift; sourceTree = "<group>"; };
		7F2E9EA027DB23D1008991EB /* StudentEvaluationCell.swift */ = {isa = PBXFileReference; lastKnownFileType = sourcecode.swift; path = StudentEvaluationCell.swift; sourceTree = "<group>"; };
		7F2E9EA227DB482A008991EB /* EvaluationItem.swift */ = {isa = PBXFileReference; lastKnownFileType = sourcecode.swift; path = EvaluationItem.swift; sourceTree = "<group>"; };
		7F2EC22527F5CC8F005A9214 /* LoadingHUD.swift */ = {isa = PBXFileReference; lastKnownFileType = sourcecode.swift; path = LoadingHUD.swift; sourceTree = "<group>"; };
		7F33791127FBDECC00E1FC1C /* StringUtils.swift */ = {isa = PBXFileReference; lastKnownFileType = sourcecode.swift; path = StringUtils.swift; sourceTree = "<group>"; };
		7F3E3C502830A135005159BC /* EmailVerificationViewController.swift */ = {isa = PBXFileReference; lastKnownFileType = sourcecode.swift; path = EmailVerificationViewController.swift; sourceTree = "<group>"; };
		7F4285302765034500BA0310 /* ShowPortfolioViewController.swift */ = {isa = PBXFileReference; lastKnownFileType = sourcecode.swift; path = ShowPortfolioViewController.swift; sourceTree = "<group>"; };
		7F5278B6282FFFA2001AC18A /* MainViewController.swift */ = {isa = PBXFileReference; lastKnownFileType = sourcecode.swift; path = MainViewController.swift; sourceTree = "<group>"; };
		7F63AB6E27B4E3620081ED49 /* TermViewController.swift */ = {isa = PBXFileReference; lastKnownFileType = sourcecode.swift; path = TermViewController.swift; sourceTree = "<group>"; };
		7F645B63282A960200FF2BC6 /* BarChartFunction.swift */ = {isa = PBXFileReference; lastKnownFileType = sourcecode.swift; path = BarChartFunction.swift; sourceTree = "<group>"; };
		7F645B65282A962200FF2BC6 /* CalendarFunction.swift */ = {isa = PBXFileReference; lastKnownFileType = sourcecode.swift; path = CalendarFunction.swift; sourceTree = "<group>"; };
		7F645B67282A963D00FF2BC6 /* FunctionShare.swift */ = {isa = PBXFileReference; lastKnownFileType = sourcecode.swift; path = FunctionShare.swift; sourceTree = "<group>"; };
		7F6E5E4A27B2C00000292601 /* SettingViewController.swift */ = {isa = PBXFileReference; lastKnownFileType = sourcecode.swift; path = SettingViewController.swift; sourceTree = "<group>"; };
		7F6E5E4C27B2C3ED00292601 /* CheckPasswordViewController.swift */ = {isa = PBXFileReference; lastKnownFileType = sourcecode.swift; path = CheckPasswordViewController.swift; sourceTree = "<group>"; };
		7F716941276498B0001FD4F4 /* LogInViewController.swift */ = {isa = PBXFileReference; fileEncoding = 4; lastKnownFileType = sourcecode.swift; path = LogInViewController.swift; sourceTree = "<group>"; };
		7F716945276499CA001FD4F4 /* Main.storyboard */ = {isa = PBXFileReference; fileEncoding = 4; lastKnownFileType = file.storyboard; path = Main.storyboard; sourceTree = "<group>"; };
		7F7818E727B3AE2600241655 /* EditInfoViewController.swift */ = {isa = PBXFileReference; lastKnownFileType = sourcecode.swift; path = EditInfoViewController.swift; sourceTree = "<group>"; };
		7F8CC8F9275BB29E00BE195D /* ScheduleListViewController.swift */ = {isa = PBXFileReference; lastKnownFileType = sourcecode.swift; path = ScheduleListViewController.swift; sourceTree = "<group>"; };
		7F94E55C27FAF245000047A7 /* ResetPasswordViewController.swift */ = {isa = PBXFileReference; lastKnownFileType = sourcecode.swift; path = ResetPasswordViewController.swift; sourceTree = "<group>"; };
		7F9B8AF027E0CA11008B705B /* ParentDetailEvaluationViewController.swift */ = {isa = PBXFileReference; lastKnownFileType = sourcecode.swift; path = ParentDetailEvaluationViewController.swift; sourceTree = "<group>"; };
		7F9B8AF227E0D31A008B705B /* TeacherEvaluationViewController.swift */ = {isa = PBXFileReference; lastKnownFileType = sourcecode.swift; path = TeacherEvaluationViewController.swift; sourceTree = "<group>"; };
		7FA020962834B1B500251225 /* logo.png */ = {isa = PBXFileReference; lastKnownFileType = image.png; path = logo.png; sourceTree = "<group>"; };
		7FA6B7D527C0C67100BFEBDA /* SecessionViewController.swift */ = {isa = PBXFileReference; lastKnownFileType = sourcecode.swift; path = SecessionViewController.swift; sourceTree = "<group>"; };
		7FB50F7A27FC5CFB00BC2B09 /* BINDER.entitlements */ = {isa = PBXFileReference; lastKnownFileType = text.plist.entitlements; path = BINDER.entitlements; sourceTree = "<group>"; };
		7FB50F7B27FC63C500BC2B09 /* FirebaseAuthentication.swift */ = {isa = PBXFileReference; lastKnownFileType = sourcecode.swift; path = FirebaseAuthentication.swift; sourceTree = "<group>"; };
		7FBC6B1127EA05720067BAD5 /* PlusPortfolioCell.swift */ = {isa = PBXFileReference; lastKnownFileType = sourcecode.swift; path = PlusPortfolioCell.swift; sourceTree = "<group>"; };
		7FBC6B1327EA05930067BAD5 /* PortfolioDefaultCell.swift */ = {isa = PBXFileReference; lastKnownFileType = sourcecode.swift; path = PortfolioDefaultCell.swift; sourceTree = "<group>"; };
		7FBC6B1527EA06690067BAD5 /* PortfolioTableViewController.swift */ = {isa = PBXFileReference; lastKnownFileType = sourcecode.swift; path = PortfolioTableViewController.swift; sourceTree = "<group>"; };
		7FBC6B1727EA0A0A0067BAD5 /* AddPortfolioItemViewController.swift */ = {isa = PBXFileReference; lastKnownFileType = sourcecode.swift; path = AddPortfolioItemViewController.swift; sourceTree = "<group>"; };
		7FCEBE7B2831189500A259E6 /* MyCollectionViewCell.swift */ = {isa = PBXFileReference; lastKnownFileType = sourcecode.swift; path = MyCollectionViewCell.swift; sourceTree = "<group>"; };
		7FCEBE7D283118DB00A259E6 /* MyClassDetailViewController.swift */ = {isa = PBXFileReference; lastKnownFileType = sourcecode.swift; path = MyClassDetailViewController.swift; sourceTree = "<group>"; };
		7FD18BE7281EB7D000FB86C0 /* CustomFirebaseAPI.swift */ = {isa = PBXFileReference; lastKnownFileType = sourcecode.swift; path = CustomFirebaseAPI.swift; sourceTree = "<group>"; };
		7FF2EF28274CF84200EBAB85 /* AddScheduleViewController.swift */ = {isa = PBXFileReference; lastKnownFileType = sourcecode.swift; path = AddScheduleViewController.swift; sourceTree = "<group>"; };
		7FF68A772750C698004EB9E6 /* DetailClassViewController.swift */ = {isa = PBXFileReference; lastKnownFileType = sourcecode.swift; path = DetailClassViewController.swift; sourceTree = "<group>"; };
		B7DC38B79B711E876C867FDB /* Pods-BINDER.debug.xcconfig */ = {isa = PBXFileReference; includeInIndex = 1; lastKnownFileType = text.xcconfig; name = "Pods-BINDER.debug.xcconfig"; path = "Target Support Files/Pods-BINDER/Pods-BINDER.debug.xcconfig"; sourceTree = "<group>"; };
		C86D2241045D496397DACDDB /* Pods_BINDER.framework */ = {isa = PBXFileReference; explicitFileType = wrapper.framework; includeInIndex = 0; path = Pods_BINDER.framework; sourceTree = BUILT_PRODUCTS_DIR; };
		DDFEABC087F437EFBA58C340 /* Pods-BINDER.release.xcconfig */ = {isa = PBXFileReference; includeInIndex = 1; lastKnownFileType = text.xcconfig; name = "Pods-BINDER.release.xcconfig"; path = "Target Support Files/Pods-BINDER/Pods-BINDER.release.xcconfig"; sourceTree = "<group>"; };
/* End PBXFileReference section */

/* Begin PBXFrameworksBuildPhase section */
		7F16D13D2749390300745522 /* Frameworks */ = {
			isa = PBXFrameworksBuildPhase;
			buildActionMask = 2147483647;
			files = (
				CD13139741E4256CB5B9AA88 /* Pods_BINDER.framework in Frameworks */,
			);
			runOnlyForDeploymentPostprocessing = 0;
		};
/* End PBXFrameworksBuildPhase section */

/* Begin PBXGroup section */
		6918F341281E398D008B3404 /* Share */ = {
			isa = PBXGroup;
			children = (
				6918F342281E39A7008B3404 /* DesignShare.swift */,
				6965DE79275DEF410072C16A /* CircleButton.swift */,
				7FD18BE7281EB7D000FB86C0 /* CustomFirebaseAPI.swift */,
				7F645B63282A960200FF2BC6 /* BarChartFunction.swift */,
				7F645B65282A962200FF2BC6 /* CalendarFunction.swift */,
				7F645B67282A963D00FF2BC6 /* FunctionShare.swift */,
			);
			path = Share;
			sourceTree = "<group>";
		};
		6922197B27C13CCE00A03788 /* question */ = {
			isa = PBXGroup;
			children = (
				6F2ED44F27B3444800DD7CB7 /* QuestionListViewController.swift */,
				69E5F68F2764C762003D7DD1 /* QuestionViewController.swift */,
				6922197C27C13CF600A03788 /* QuestionPlusViewController.swift */,
				6922197E27C1510F00A03788 /* AnswerViewController.swift */,
				6993502927CDECA000EA6C6F /* QuestionDetailViewController.swift */,
				6993502B27CDECCE00EA6C6F /* QnADetailViewController.swift */,
			);
			path = question;
			sourceTree = "<group>";
		};
		69425987275DE8D9003E0997 /* MyClass */ = {
			isa = PBXGroup;
			children = (
				6965DE7F275DEF670072C16A /* AddStudentVC.swift */,
				6965DE81275DEF670072C16A /* BaseVC.swift */,
				6965DE82275DEF670072C16A /* ClassInfoVC.swift */,
				6965DE80275DEF670072C16A /* MyClassVC.swift */,
				6FFDBAE627D88004006B0622 /* EditClassVC.swift */,
			);
			path = MyClass;
			sourceTree = "<group>";
		};
		69425988275DE8EA003E0997 /* protocol */ = {
			isa = PBXGroup;
			children = (
				6965DE7D275DEF5D0072C16A /* AddStudentDelegate.swift */,
				6FBF7BBB27B5E49300ED0144 /* QuestionListViewDelegate.swift */,
			);
			path = protocol;
			sourceTree = "<group>";
		};
		69425989275DE8F2003E0997 /* data */ = {
			isa = PBXGroup;
			children = (
				6965DE7B275DEF490072C16A /* PayType.swift */,
			);
			path = data;
			sourceTree = "<group>";
		};
		6942598B275DE902003E0997 /* repo */ = {
			isa = PBXGroup;
			children = (
				6965DE77275DEF3B0072C16A /* LoginRepository.swift */,
				6937CC9228339F220070F844 /* Notification.swift */,
			);
			path = repo;
			sourceTree = "<group>";
		};
		6942598C275DE907003E0997 /* cells */ = {
			isa = PBXGroup;
			children = (
				691A7BA1276460C6003DCB05 /* Todocell.swift */,
				7F17FB82275BB45500834B4D /* ScheduleCellTableViewCell.swift */,
				6965DE73275DEF320072C16A /* CardTableViewCell.swift */,
				6965DE74275DEF320072C16A /* PlusTableViewCell.swift */,
				6FF28C092766135000D3BDE9 /* QuestionTableViewCell.swift */,
				6FB9139827B3A1C2000154FF /* QuestionListTableViewImageCell.swift */,
				6FB9139A27B3A499000154FF /* QuestionListTableViewCell.swift */,
				7F2E9EA027DB23D1008991EB /* StudentEvaluationCell.swift */,
				7FBC6B1127EA05720067BAD5 /* PlusPortfolioCell.swift */,
				7FBC6B1327EA05930067BAD5 /* PortfolioDefaultCell.swift */,
				7FCEBE7B2831189500A259E6 /* MyCollectionViewCell.swift */,
			);
			path = cells;
			sourceTree = "<group>";
		};
		6942598D275DE90D003E0997 /* extension */ = {
			isa = PBXGroup;
			children = (
				6965DE6F275DEF280072C16A /* Date.swift */,
				6965DE6E275DEF280072C16A /* UIColor.swift */,
				6965DE6D275DEF280072C16A /* UIView.swift */,
			);
			path = extension;
			sourceTree = "<group>";
		};
		6942598E275DE915003E0997 /* models */ = {
			isa = PBXGroup;
			children = (
				6965DE68275DEF1C0072C16A /* ClassItem.swift */,
				6965DE67275DEF1B0072C16A /* StudentItem.swift */,
				6965DE69275DEF1C0072C16A /* TeacherItem.swift */,
				6FA406F32764D63900ED847F /* QuestionItem.swift */,
				6F86FBD327B37FDC00670928 /* QuestionListItem.swift */,
				6FFDECC827CDF9380028B652 /* QuestionAnsweredListItem.swift */,
				7F2E9EA227DB482A008991EB /* EvaluationItem.swift */,
				7F2EC22527F5CC8F005A9214 /* LoadingHUD.swift */,
			);
			path = models;
			sourceTree = "<group>";
		};
		69EE72A9275D05B0007F6F7C /* Graph */ = {
			isa = PBXGroup;
			children = (
				7FF68A772750C698004EB9E6 /* DetailClassViewController.swift */,
				69EE72AE275D0661007F6F7C /* PlusGraphViewController.swift */,
				7FCEBE7D283118DB00A259E6 /* MyClassDetailViewController.swift */,
				7F1CE0ED283237EA00EBBA8B /* GraphViewController.swift */,
				7F1CE0EF2832382000EBBA8B /* ToDoListViewController.swift */,
			);
			path = Graph;
			sourceTree = "<group>";
		};
		69EE72B0275D119C007F6F7C /* Portfolio */ = {
			isa = PBXGroup;
			children = (
				7F4285302765034500BA0310 /* ShowPortfolioViewController.swift */,
				69EE72B1275D11C2007F6F7C /* MypageViewController.swift */,
				6912805E276398EB00712739 /* PortfolioEditViewController.swift */,
				7FBC6B1527EA06690067BAD5 /* PortfolioTableViewController.swift */,
				7FBC6B1727EA0A0A0067BAD5 /* AddPortfolioItemViewController.swift */,
			);
			path = Portfolio;
			sourceTree = "<group>";
		};
		69EE72B7275D1458007F6F7C /* Login */ = {
			isa = PBXGroup;
			children = (
				69EE72B5275D1451007F6F7C /* StudentSubInfoController.swift */,
				7F16D1472749390300745522 /* SignInViewController.swift */,
				7F716941276498B0001FD4F4 /* LogInViewController.swift */,
				7F16D16027496FC800745522 /* TypeSelectViewController.swift */,
				7F94E55C27FAF245000047A7 /* ResetPasswordViewController.swift */,
				7FB50F7B27FC63C500BC2B09 /* FirebaseAuthentication.swift */,
				7F3E3C502830A135005159BC /* EmailVerificationViewController.swift */,
			);
			path = Login;
			sourceTree = "<group>";
		};
		6FA5E4CE2767843400C879AF /* utils */ = {
			isa = PBXGroup;
			children = (
				6FA5E4CF2767843400C879AF /* ColorUtils.swift */,
				7F33791127FBDECC00E1FC1C /* StringUtils.swift */,
			);
			path = utils;
			sourceTree = "<group>";
		};
		7F16D1372749390300745522 = {
			isa = PBXGroup;
			children = (
				7F16D1422749390300745522 /* BINDER */,
				7F16D1412749390300745522 /* Products */,
				839068290A7852076C3D8CCB /* Pods */,
				8E8C71770FE09F92AD57705C /* Frameworks */,
			);
			sourceTree = "<group>";
		};
		7F16D1412749390300745522 /* Products */ = {
			isa = PBXGroup;
			children = (
				7F16D1402749390300745522 /* BINDER.app */,
			);
			name = Products;
			sourceTree = "<group>";
		};
		7F16D1422749390300745522 /* BINDER */ = {
			isa = PBXGroup;
			children = (
				7FB50F7A27FC5CFB00BC2B09 /* BINDER.entitlements */,
				6FE4FB2827BD376C000E16F4 /* GoogleService-Info.plist */,
				6918F341281E398D008B3404 /* Share */,
				7F16D15B2749467000745522 /* ViewController */,
				7F16D1432749390300745522 /* AppDelegate.swift */,
				7F716945276499CA001FD4F4 /* Main.storyboard */,
				7F16D1452749390300745522 /* SceneDelegate.swift */,
				7F16D14C2749390500745522 /* Assets.xcassets */,
				7FA020962834B1B500251225 /* logo.png */,
				7F16D14E2749390500745522 /* LaunchScreen.storyboard */,
				7F16D1512749390500745522 /* Info.plist */,
				7F5278B6282FFFA2001AC18A /* MainViewController.swift */,
			);
			path = BINDER;
			sourceTree = "<group>";
		};
		7F16D15B2749467000745522 /* ViewController */ = {
			isa = PBXGroup;
			children = (
				7F2E9E9927DB1BC7008991EB /* Parent */,
				7FAC9E5327C21414005BDFB2 /* Setting */,
				7FAC9E5227C213D1005BDFB2 /* Schedule */,
				6922197B27C13CCE00A03788 /* question */,
				6FA5E4CE2767843400C879AF /* utils */,
				6942598E275DE915003E0997 /* models */,
				6942598D275DE90D003E0997 /* extension */,
				6942598C275DE907003E0997 /* cells */,
				6942598B275DE902003E0997 /* repo */,
				69425989275DE8F2003E0997 /* data */,
				69425988275DE8EA003E0997 /* protocol */,
				69425987275DE8D9003E0997 /* MyClass */,
				69EE72B7275D1458007F6F7C /* Login */,
				69EE72B0275D119C007F6F7C /* Portfolio */,
				69EE72A9275D05B0007F6F7C /* Graph */,
				7F16D159274941ED00745522 /* HomeViewController.swift */,
			);
			path = ViewController;
			sourceTree = "<group>";
		};
		7F2E9E9927DB1BC7008991EB /* Parent */ = {
			isa = PBXGroup;
			children = (
				7F2E9E9A27DB1BDD008991EB /* ParentHomeViewController.swift */,
				7F2E9E9C27DB1DBD008991EB /* ParentMyPageViewController.swift */,
				7F2E9E9E27DB2217008991EB /* TabBarController.swift */,
				7F9B8AF027E0CA11008B705B /* ParentDetailEvaluationViewController.swift */,
				7F9B8AF227E0D31A008B705B /* TeacherEvaluationViewController.swift */,
			);
			path = Parent;
			sourceTree = "<group>";
		};
		7FAC9E5227C213D1005BDFB2 /* Schedule */ = {
			isa = PBXGroup;
			children = (
				7FF2EF28274CF84200EBAB85 /* AddScheduleViewController.swift */,
				7F8CC8F9275BB29E00BE195D /* ScheduleListViewController.swift */,
			);
			path = Schedule;
			sourceTree = "<group>";
		};
		7FAC9E5327C21414005BDFB2 /* Setting */ = {
			isa = PBXGroup;
			children = (
				7F6E5E4A27B2C00000292601 /* SettingViewController.swift */,
				7F6E5E4C27B2C3ED00292601 /* CheckPasswordViewController.swift */,
				7F7818E727B3AE2600241655 /* EditInfoViewController.swift */,
				7F63AB6E27B4E3620081ED49 /* TermViewController.swift */,
				7FA6B7D527C0C67100BFEBDA /* SecessionViewController.swift */,
			);
			path = Setting;
			sourceTree = "<group>";
		};
		839068290A7852076C3D8CCB /* Pods */ = {
			isa = PBXGroup;
			children = (
				B7DC38B79B711E876C867FDB /* Pods-BINDER.debug.xcconfig */,
				DDFEABC087F437EFBA58C340 /* Pods-BINDER.release.xcconfig */,
			);
			path = Pods;
			sourceTree = "<group>";
		};
		8E8C71770FE09F92AD57705C /* Frameworks */ = {
			isa = PBXGroup;
			children = (
				C86D2241045D496397DACDDB /* Pods_BINDER.framework */,
			);
			name = Frameworks;
			sourceTree = "<group>";
		};
/* End PBXGroup section */

/* Begin PBXNativeTarget section */
		7F16D13F2749390300745522 /* BINDER */ = {
			isa = PBXNativeTarget;
			buildConfigurationList = 7F16D1542749390600745522 /* Build configuration list for PBXNativeTarget "BINDER" */;
			buildPhases = (
				DCD7A0D9F45E036B8AF232F1 /* [CP] Check Pods Manifest.lock */,
				7F16D13C2749390300745522 /* Sources */,
				7F16D13D2749390300745522 /* Frameworks */,
				7F16D13E2749390300745522 /* Resources */,
				C5CF680B9F0507ACEC145146 /* [CP] Embed Pods Frameworks */,
				6B86F1592D13095D73A3AF6F /* [CP] Copy Pods Resources */,
			);
			buildRules = (
			);
			dependencies = (
			);
			name = BINDER;
			productName = BINDER;
			productReference = 7F16D1402749390300745522 /* BINDER.app */;
			productType = "com.apple.product-type.application";
		};
/* End PBXNativeTarget section */

/* Begin PBXProject section */
		7F16D1382749390300745522 /* Project object */ = {
			isa = PBXProject;
			attributes = {
				BuildIndependentTargetsInParallel = 1;
				LastSwiftUpdateCheck = 1310;
				LastUpgradeCheck = 1310;
				TargetAttributes = {
					7F16D13F2749390300745522 = {
						CreatedOnToolsVersion = 13.1;
					};
				};
			};
			buildConfigurationList = 7F16D13B2749390300745522 /* Build configuration list for PBXProject "BINDER" */;
			compatibilityVersion = "Xcode 13.0";
			developmentRegion = en;
			hasScannedForEncodings = 0;
			knownRegions = (
				en,
				Base,
			);
			mainGroup = 7F16D1372749390300745522;
			productRefGroup = 7F16D1412749390300745522 /* Products */;
			projectDirPath = "";
			projectRoot = "";
			targets = (
				7F16D13F2749390300745522 /* BINDER */,
			);
		};
/* End PBXProject section */

/* Begin PBXResourcesBuildPhase section */
		7F16D13E2749390300745522 /* Resources */ = {
			isa = PBXResourcesBuildPhase;
			buildActionMask = 2147483647;
			files = (
				7F16D1502749390500745522 /* LaunchScreen.storyboard in Resources */,
				7FA020972834B1B500251225 /* logo.png in Resources */,
				6FE4FB2927BD376C000E16F4 /* GoogleService-Info.plist in Resources */,
				7F16D14D2749390500745522 /* Assets.xcassets in Resources */,
				7F716946276499CA001FD4F4 /* Main.storyboard in Resources */,
			);
			runOnlyForDeploymentPostprocessing = 0;
		};
/* End PBXResourcesBuildPhase section */

/* Begin PBXShellScriptBuildPhase section */
		6B86F1592D13095D73A3AF6F /* [CP] Copy Pods Resources */ = {
			isa = PBXShellScriptBuildPhase;
			buildActionMask = 2147483647;
			files = (
			);
			inputFileListPaths = (
				"${PODS_ROOT}/Target Support Files/Pods-BINDER/Pods-BINDER-resources-${CONFIGURATION}-input-files.xcfilelist",
			);
			name = "[CP] Copy Pods Resources";
			outputFileListPaths = (
				"${PODS_ROOT}/Target Support Files/Pods-BINDER/Pods-BINDER-resources-${CONFIGURATION}-output-files.xcfilelist",
			);
			runOnlyForDeploymentPostprocessing = 0;
			shellPath = /bin/sh;
			shellScript = "\"${PODS_ROOT}/Target Support Files/Pods-BINDER/Pods-BINDER-resources.sh\"\n";
			showEnvVarsInLog = 0;
		};
		C5CF680B9F0507ACEC145146 /* [CP] Embed Pods Frameworks */ = {
			isa = PBXShellScriptBuildPhase;
			buildActionMask = 2147483647;
			files = (
			);
			inputFileListPaths = (
				"${PODS_ROOT}/Target Support Files/Pods-BINDER/Pods-BINDER-frameworks-${CONFIGURATION}-input-files.xcfilelist",
			);
			name = "[CP] Embed Pods Frameworks";
			outputFileListPaths = (
				"${PODS_ROOT}/Target Support Files/Pods-BINDER/Pods-BINDER-frameworks-${CONFIGURATION}-output-files.xcfilelist",
			);
			runOnlyForDeploymentPostprocessing = 0;
			shellPath = /bin/sh;
			shellScript = "\"${PODS_ROOT}/Target Support Files/Pods-BINDER/Pods-BINDER-frameworks.sh\"\n";
			showEnvVarsInLog = 0;
		};
		DCD7A0D9F45E036B8AF232F1 /* [CP] Check Pods Manifest.lock */ = {
			isa = PBXShellScriptBuildPhase;
			buildActionMask = 2147483647;
			files = (
			);
			inputFileListPaths = (
			);
			inputPaths = (
				"${PODS_PODFILE_DIR_PATH}/Podfile.lock",
				"${PODS_ROOT}/Manifest.lock",
			);
			name = "[CP] Check Pods Manifest.lock";
			outputFileListPaths = (
			);
			outputPaths = (
				"$(DERIVED_FILE_DIR)/Pods-BINDER-checkManifestLockResult.txt",
			);
			runOnlyForDeploymentPostprocessing = 0;
			shellPath = /bin/sh;
			shellScript = "diff \"${PODS_PODFILE_DIR_PATH}/Podfile.lock\" \"${PODS_ROOT}/Manifest.lock\" > /dev/null\nif [ $? != 0 ] ; then\n    # print error to STDERR\n    echo \"error: The sandbox is not in sync with the Podfile.lock. Run 'pod install' or update your CocoaPods installation.\" >&2\n    exit 1\nfi\n# This output is used by Xcode 'outputs' to avoid re-running this script phase.\necho \"SUCCESS\" > \"${SCRIPT_OUTPUT_FILE_0}\"\n";
			showEnvVarsInLog = 0;
		};
/* End PBXShellScriptBuildPhase section */

/* Begin PBXSourcesBuildPhase section */
		7F16D13C2749390300745522 /* Sources */ = {
			isa = PBXSourcesBuildPhase;
			buildActionMask = 2147483647;
			files = (
				6965DE6C275DEF1C0072C16A /* TeacherItem.swift in Sources */,
				6FA5E4D02767843400C879AF /* ColorUtils.swift in Sources */,
				6965DE86275DEF670072C16A /* ClassInfoVC.swift in Sources */,
				6FBF7BBC27B5E49300ED0144 /* QuestionListViewDelegate.swift in Sources */,
				6965DE85275DEF670072C16A /* BaseVC.swift in Sources */,
				6FFDBAE727D88004006B0622 /* EditClassVC.swift in Sources */,
				7FCEBE7E283118DB00A259E6 /* MyClassDetailViewController.swift in Sources */,
				7F2EC22627F5CC8F005A9214 /* LoadingHUD.swift in Sources */,
				7F7818E827B3AE2600241655 /* EditInfoViewController.swift in Sources */,
				7F2E9EA127DB23D1008991EB /* StudentEvaluationCell.swift in Sources */,
				6FA406F42764D63900ED847F /* QuestionItem.swift in Sources */,
				7F63AB6F27B4E3620081ED49 /* TermViewController.swift in Sources */,
				7FA6B7D627C0C67100BFEBDA /* SecessionViewController.swift in Sources */,
				7F17FB83275BB45500834B4D /* ScheduleCellTableViewCell.swift in Sources */,
				7F716942276498B0001FD4F4 /* LogInViewController.swift in Sources */,
				6965DE70275DEF290072C16A /* UIView.swift in Sources */,
				7F16D16127496FC800745522 /* TypeSelectViewController.swift in Sources */,
				7F2E9E9B27DB1BDD008991EB /* ParentHomeViewController.swift in Sources */,
				6FB9139B27B3A499000154FF /* QuestionListTableViewCell.swift in Sources */,
				6965DE83275DEF670072C16A /* AddStudentVC.swift in Sources */,
				7F94E55D27FAF245000047A7 /* ResetPasswordViewController.swift in Sources */,
				69E5F6902764C762003D7DD1 /* QuestionViewController.swift in Sources */,
				6965DE7C275DEF490072C16A /* PayType.swift in Sources */,
				7F6E5E4D27B2C3ED00292601 /* CheckPasswordViewController.swift in Sources */,
				6937CC9328339F220070F844 /* Notification.swift in Sources */,
				7F645B68282A963D00FF2BC6 /* FunctionShare.swift in Sources */,
				7F33791227FBDECC00E1FC1C /* StringUtils.swift in Sources */,
				7F3E3C512830A135005159BC /* EmailVerificationViewController.swift in Sources */,
				7FCEBE7C2831189500A259E6 /* MyCollectionViewCell.swift in Sources */,
				6965DE75275DEF330072C16A /* CardTableViewCell.swift in Sources */,
				7FF68A782750C698004EB9E6 /* DetailClassViewController.swift in Sources */,
				7F1CE0EE283237EA00EBBA8B /* GraphViewController.swift in Sources */,
				7F9B8AF327E0D31A008B705B /* TeacherEvaluationViewController.swift in Sources */,
				6965DE7A275DEF410072C16A /* CircleButton.swift in Sources */,
				6F86FBD427B37FDC00670928 /* QuestionListItem.swift in Sources */,
				6965DE7E275DEF5D0072C16A /* AddStudentDelegate.swift in Sources */,
				7F8CC8FA275BB29E00BE195D /* ScheduleListViewController.swift in Sources */,
				6965DE76275DEF330072C16A /* PlusTableViewCell.swift in Sources */,
				7F4285312765034500BA0310 /* ShowPortfolioViewController.swift in Sources */,
				7F2E9EA327DB482B008991EB /* EvaluationItem.swift in Sources */,
				6922197F27C1511000A03788 /* AnswerViewController.swift in Sources */,
				7F16D1482749390300745522 /* SignInViewController.swift in Sources */,
				7F9B8AF127E0CA11008B705B /* ParentDetailEvaluationViewController.swift in Sources */,
				69EE72B2275D11C2007F6F7C /* MypageViewController.swift in Sources */,
				6965DE71275DEF290072C16A /* UIColor.swift in Sources */,
				6922197D27C13CF600A03788 /* QuestionPlusViewController.swift in Sources */,
				69EE72B6275D1451007F6F7C /* StudentSubInfoController.swift in Sources */,
				6FF28C0A2766135000D3BDE9 /* QuestionTableViewCell.swift in Sources */,
				6F2ED45027B3444800DD7CB7 /* QuestionListViewController.swift in Sources */,
				7F5278B7282FFFA2001AC18A /* MainViewController.swift in Sources */,
				7F16D1442749390300745522 /* AppDelegate.swift in Sources */,
				69EE72AF275D0662007F6F7C /* PlusGraphViewController.swift in Sources */,
				7F2E9E9F27DB2217008991EB /* TabBarController.swift in Sources */,
				6965DE78275DEF3B0072C16A /* LoginRepository.swift in Sources */,
				7F16D1462749390300745522 /* SceneDelegate.swift in Sources */,
				7F16D15A274941ED00745522 /* HomeViewController.swift in Sources */,
				6918F343281E39A7008B3404 /* DesignShare.swift in Sources */,
				691A7BA2276460C6003DCB05 /* Todocell.swift in Sources */,
				6965DE6A275DEF1C0072C16A /* StudentItem.swift in Sources */,
				7FBC6B1827EA0A0A0067BAD5 /* AddPortfolioItemViewController.swift in Sources */,
				6965DE72275DEF290072C16A /* Date.swift in Sources */,
				7FBC6B1627EA06690067BAD5 /* PortfolioTableViewController.swift in Sources */,
				7FF2EF29274CF84200EBAB85 /* AddScheduleViewController.swift in Sources */,
				7F645B66282A962200FF2BC6 /* CalendarFunction.swift in Sources */,
				7F6E5E4B27B2C00000292601 /* SettingViewController.swift in Sources */,
				7F1CE0F02832382000EBBA8B /* ToDoListViewController.swift in Sources */,
				6FFDECC927CDF9380028B652 /* QuestionAnsweredListItem.swift in Sources */,
				7FD18BE8281EB7D000FB86C0 /* CustomFirebaseAPI.swift in Sources */,
				6912805F276398EB00712739 /* PortfolioEditViewController.swift in Sources */,
				7F645B64282A960200FF2BC6 /* BarChartFunction.swift in Sources */,
				7FBC6B1427EA05930067BAD5 /* PortfolioDefaultCell.swift in Sources */,
				7FB50F7C27FC63C500BC2B09 /* FirebaseAuthentication.swift in Sources */,
				6FB9139927B3A1C2000154FF /* QuestionListTableViewImageCell.swift in Sources */,
				7FBC6B1227EA05720067BAD5 /* PlusPortfolioCell.swift in Sources */,
				7F2E9E9D27DB1DBD008991EB /* ParentMyPageViewController.swift in Sources */,
				6993502A27CDECA100EA6C6F /* QuestionDetailViewController.swift in Sources */,
				6965DE6B275DEF1C0072C16A /* ClassItem.swift in Sources */,
				6993502C27CDECCE00EA6C6F /* QnADetailViewController.swift in Sources */,
				6965DE84275DEF670072C16A /* MyClassVC.swift in Sources */,
			);
			runOnlyForDeploymentPostprocessing = 0;
		};
/* End PBXSourcesBuildPhase section */

/* Begin PBXVariantGroup section */
		7F16D14E2749390500745522 /* LaunchScreen.storyboard */ = {
			isa = PBXVariantGroup;
			children = (
				7F16D14F2749390500745522 /* Base */,
			);
			name = LaunchScreen.storyboard;
			sourceTree = "<group>";
		};
/* End PBXVariantGroup section */

/* Begin XCBuildConfiguration section */
		7F16D1522749390500745522 /* Debug */ = {
			isa = XCBuildConfiguration;
			buildSettings = {
				ALWAYS_SEARCH_USER_PATHS = NO;
				CLANG_ANALYZER_NONNULL = YES;
				CLANG_ANALYZER_NUMBER_OBJECT_CONVERSION = YES_AGGRESSIVE;
				CLANG_CXX_LANGUAGE_STANDARD = "gnu++17";
				CLANG_CXX_LIBRARY = "libc++";
				CLANG_ENABLE_MODULES = YES;
				CLANG_ENABLE_OBJC_ARC = YES;
				CLANG_ENABLE_OBJC_WEAK = YES;
				CLANG_WARN_BLOCK_CAPTURE_AUTORELEASING = YES;
				CLANG_WARN_BOOL_CONVERSION = YES;
				CLANG_WARN_COMMA = YES;
				CLANG_WARN_CONSTANT_CONVERSION = YES;
				CLANG_WARN_DEPRECATED_OBJC_IMPLEMENTATIONS = YES;
				CLANG_WARN_DIRECT_OBJC_ISA_USAGE = YES_ERROR;
				CLANG_WARN_DOCUMENTATION_COMMENTS = YES;
				CLANG_WARN_EMPTY_BODY = YES;
				CLANG_WARN_ENUM_CONVERSION = YES;
				CLANG_WARN_INFINITE_RECURSION = YES;
				CLANG_WARN_INT_CONVERSION = YES;
				CLANG_WARN_NON_LITERAL_NULL_CONVERSION = YES;
				CLANG_WARN_OBJC_IMPLICIT_RETAIN_SELF = YES;
				CLANG_WARN_OBJC_LITERAL_CONVERSION = YES;
				CLANG_WARN_OBJC_ROOT_CLASS = YES_ERROR;
				CLANG_WARN_QUOTED_INCLUDE_IN_FRAMEWORK_HEADER = YES;
				CLANG_WARN_RANGE_LOOP_ANALYSIS = YES;
				CLANG_WARN_STRICT_PROTOTYPES = YES;
				CLANG_WARN_SUSPICIOUS_MOVE = YES;
				CLANG_WARN_UNGUARDED_AVAILABILITY = YES_AGGRESSIVE;
				CLANG_WARN_UNREACHABLE_CODE = YES;
				CLANG_WARN__DUPLICATE_METHOD_MATCH = YES;
				COPY_PHASE_STRIP = NO;
				DEBUG_INFORMATION_FORMAT = dwarf;
				ENABLE_STRICT_OBJC_MSGSEND = YES;
				ENABLE_TESTABILITY = YES;
				GCC_C_LANGUAGE_STANDARD = gnu11;
				GCC_DYNAMIC_NO_PIC = NO;
				GCC_NO_COMMON_BLOCKS = YES;
				GCC_OPTIMIZATION_LEVEL = 0;
				GCC_PREPROCESSOR_DEFINITIONS = (
					"DEBUG=1",
					"$(inherited)",
				);
				GCC_WARN_64_TO_32_BIT_CONVERSION = YES;
				GCC_WARN_ABOUT_RETURN_TYPE = YES_ERROR;
				GCC_WARN_UNDECLARED_SELECTOR = YES;
				GCC_WARN_UNINITIALIZED_AUTOS = YES_AGGRESSIVE;
				GCC_WARN_UNUSED_FUNCTION = YES;
				GCC_WARN_UNUSED_VARIABLE = YES;
				IPHONEOS_DEPLOYMENT_TARGET = 15.0;
				MTL_ENABLE_DEBUG_INFO = INCLUDE_SOURCE;
				MTL_FAST_MATH = YES;
				ONLY_ACTIVE_ARCH = YES;
				SDKROOT = iphoneos;
				SWIFT_ACTIVE_COMPILATION_CONDITIONS = DEBUG;
				SWIFT_OPTIMIZATION_LEVEL = "-Onone";
			};
			name = Debug;
		};
		7F16D1532749390500745522 /* Release */ = {
			isa = XCBuildConfiguration;
			buildSettings = {
				ALWAYS_SEARCH_USER_PATHS = NO;
				CLANG_ANALYZER_NONNULL = YES;
				CLANG_ANALYZER_NUMBER_OBJECT_CONVERSION = YES_AGGRESSIVE;
				CLANG_CXX_LANGUAGE_STANDARD = "gnu++17";
				CLANG_CXX_LIBRARY = "libc++";
				CLANG_ENABLE_MODULES = YES;
				CLANG_ENABLE_OBJC_ARC = YES;
				CLANG_ENABLE_OBJC_WEAK = YES;
				CLANG_WARN_BLOCK_CAPTURE_AUTORELEASING = YES;
				CLANG_WARN_BOOL_CONVERSION = YES;
				CLANG_WARN_COMMA = YES;
				CLANG_WARN_CONSTANT_CONVERSION = YES;
				CLANG_WARN_DEPRECATED_OBJC_IMPLEMENTATIONS = YES;
				CLANG_WARN_DIRECT_OBJC_ISA_USAGE = YES_ERROR;
				CLANG_WARN_DOCUMENTATION_COMMENTS = YES;
				CLANG_WARN_EMPTY_BODY = YES;
				CLANG_WARN_ENUM_CONVERSION = YES;
				CLANG_WARN_INFINITE_RECURSION = YES;
				CLANG_WARN_INT_CONVERSION = YES;
				CLANG_WARN_NON_LITERAL_NULL_CONVERSION = YES;
				CLANG_WARN_OBJC_IMPLICIT_RETAIN_SELF = YES;
				CLANG_WARN_OBJC_LITERAL_CONVERSION = YES;
				CLANG_WARN_OBJC_ROOT_CLASS = YES_ERROR;
				CLANG_WARN_QUOTED_INCLUDE_IN_FRAMEWORK_HEADER = YES;
				CLANG_WARN_RANGE_LOOP_ANALYSIS = YES;
				CLANG_WARN_STRICT_PROTOTYPES = YES;
				CLANG_WARN_SUSPICIOUS_MOVE = YES;
				CLANG_WARN_UNGUARDED_AVAILABILITY = YES_AGGRESSIVE;
				CLANG_WARN_UNREACHABLE_CODE = YES;
				CLANG_WARN__DUPLICATE_METHOD_MATCH = YES;
				COPY_PHASE_STRIP = NO;
				DEBUG_INFORMATION_FORMAT = "dwarf-with-dsym";
				ENABLE_NS_ASSERTIONS = NO;
				ENABLE_STRICT_OBJC_MSGSEND = YES;
				GCC_C_LANGUAGE_STANDARD = gnu11;
				GCC_NO_COMMON_BLOCKS = YES;
				GCC_WARN_64_TO_32_BIT_CONVERSION = YES;
				GCC_WARN_ABOUT_RETURN_TYPE = YES_ERROR;
				GCC_WARN_UNDECLARED_SELECTOR = YES;
				GCC_WARN_UNINITIALIZED_AUTOS = YES_AGGRESSIVE;
				GCC_WARN_UNUSED_FUNCTION = YES;
				GCC_WARN_UNUSED_VARIABLE = YES;
				IPHONEOS_DEPLOYMENT_TARGET = 15.0;
				MTL_ENABLE_DEBUG_INFO = NO;
				MTL_FAST_MATH = YES;
				SDKROOT = iphoneos;
				SWIFT_COMPILATION_MODE = wholemodule;
				SWIFT_OPTIMIZATION_LEVEL = "-O";
				VALIDATE_PRODUCT = YES;
			};
			name = Release;
		};
		7F16D1552749390600745522 /* Debug */ = {
			isa = XCBuildConfiguration;
			baseConfigurationReference = B7DC38B79B711E876C867FDB /* Pods-BINDER.debug.xcconfig */;
			buildSettings = {
				ASSETCATALOG_COMPILER_APPICON_NAME = AppIcon;
				ASSETCATALOG_COMPILER_GLOBAL_ACCENT_COLOR_NAME = AccentColor;
				CODE_SIGN_ENTITLEMENTS = BINDER/BINDER.entitlements;
				CODE_SIGN_STYLE = Automatic;
				CURRENT_PROJECT_VERSION = 2;
				DEVELOPMENT_TEAM = W63BAJ5MB2;
				"EXCLUDED_ARCHS[sdk=iphonesimulator*]" = arm64;
				GENERATE_INFOPLIST_FILE = YES;
				INFOPLIST_FILE = BINDER/Info.plist;
				INFOPLIST_KEY_CFBundleDisplayName = BINDER;
				INFOPLIST_KEY_NSCameraUsageDescription = "카메라 사용을 위해 접근 권한이 필요합니다.";
				INFOPLIST_KEY_NSPhotoLibraryUsageDescription = "사진첩 사용을 위해 접근 권한이 필요합니다.";
				INFOPLIST_KEY_UIApplicationSupportsIndirectInputEvents = YES;
				INFOPLIST_KEY_UILaunchStoryboardName = LaunchScreen;
				INFOPLIST_KEY_UIMainStoryboardFile = Main;
				INFOPLIST_KEY_UISupportedInterfaceOrientations_iPad = "UIInterfaceOrientationPortrait UIInterfaceOrientationPortraitUpsideDown UIInterfaceOrientationLandscapeLeft UIInterfaceOrientationLandscapeRight";
				INFOPLIST_KEY_UISupportedInterfaceOrientations_iPhone = "UIInterfaceOrientationPortrait UIInterfaceOrientationLandscapeLeft UIInterfaceOrientationLandscapeRight";
				LD_RUNPATH_SEARCH_PATHS = (
					"$(inherited)",
					"@executable_path/Frameworks",
				);
				MARKETING_VERSION = 1.8;
				PRODUCT_BUNDLE_IDENTIFIER = com.TMI.BINDER;
				PRODUCT_NAME = "$(TARGET_NAME)";
				SWIFT_EMIT_LOC_STRINGS = YES;
				SWIFT_VERSION = 5.0;
				TARGETED_DEVICE_FAMILY = "1,2";
			};
			name = Debug;
		};
		7F16D1562749390600745522 /* Release */ = {
			isa = XCBuildConfiguration;
			baseConfigurationReference = DDFEABC087F437EFBA58C340 /* Pods-BINDER.release.xcconfig */;
			buildSettings = {
				ASSETCATALOG_COMPILER_APPICON_NAME = AppIcon;
				ASSETCATALOG_COMPILER_GLOBAL_ACCENT_COLOR_NAME = AccentColor;
				CODE_SIGN_ENTITLEMENTS = BINDER/BINDER.entitlements;
				CODE_SIGN_STYLE = Automatic;
				CURRENT_PROJECT_VERSION = 2;
				DEVELOPMENT_TEAM = W63BAJ5MB2;
				EXCLUDED_ARCHS = "";
				"EXCLUDED_ARCHS[sdk=iphonesimulator*]" = arm64;
				GENERATE_INFOPLIST_FILE = YES;
				INFOPLIST_FILE = BINDER/Info.plist;
				INFOPLIST_KEY_CFBundleDisplayName = BINDER;
				INFOPLIST_KEY_NSCameraUsageDescription = "카메라 사용을 위해 접근 권한이 필요합니다.";
				INFOPLIST_KEY_NSPhotoLibraryUsageDescription = "사진첩 사용을 위해 접근 권한이 필요합니다.";
				INFOPLIST_KEY_UIApplicationSupportsIndirectInputEvents = YES;
				INFOPLIST_KEY_UILaunchStoryboardName = LaunchScreen;
				INFOPLIST_KEY_UIMainStoryboardFile = Main;
				INFOPLIST_KEY_UISupportedInterfaceOrientations_iPad = "UIInterfaceOrientationPortrait UIInterfaceOrientationPortraitUpsideDown UIInterfaceOrientationLandscapeLeft UIInterfaceOrientationLandscapeRight";
				INFOPLIST_KEY_UISupportedInterfaceOrientations_iPhone = "UIInterfaceOrientationPortrait UIInterfaceOrientationLandscapeLeft UIInterfaceOrientationLandscapeRight";
				LD_RUNPATH_SEARCH_PATHS = (
					"$(inherited)",
					"@executable_path/Frameworks",
				);
				MARKETING_VERSION = 1.8;
				PRODUCT_BUNDLE_IDENTIFIER = com.TMI.BINDER;
				PRODUCT_NAME = "$(TARGET_NAME)";
				SWIFT_EMIT_LOC_STRINGS = YES;
				SWIFT_VERSION = 5.0;
				TARGETED_DEVICE_FAMILY = "1,2";
			};
			name = Release;
		};
/* End XCBuildConfiguration section */

/* Begin XCConfigurationList section */
		7F16D13B2749390300745522 /* Build configuration list for PBXProject "BINDER" */ = {
			isa = XCConfigurationList;
			buildConfigurations = (
				7F16D1522749390500745522 /* Debug */,
				7F16D1532749390500745522 /* Release */,
			);
			defaultConfigurationIsVisible = 0;
			defaultConfigurationName = Release;
		};
		7F16D1542749390600745522 /* Build configuration list for PBXNativeTarget "BINDER" */ = {
			isa = XCConfigurationList;
			buildConfigurations = (
				7F16D1552749390600745522 /* Debug */,
				7F16D1562749390600745522 /* Release */,
			);
			defaultConfigurationIsVisible = 0;
			defaultConfigurationName = Release;
		};
/* End XCConfigurationList section */
	};
	rootObject = 7F16D1382749390300745522 /* Project object */;
}
