// !$*UTF8*$!
{
	archiveVersion = 1;
	classes = {
	};
	objectVersion = 55;
	objects = {

/* Begin PBXBuildFile section */
		7F7620942744D7D400F02D4D /* GoogleService-Info.plist in Resources */ = {isa = PBXBuildFile; fileRef = 7F7620932744D7D400F02D4D /* GoogleService-Info.plist */; };
		7FCB9B9D2741146C00FE300F /* AppDelegate.swift in Sources */ = {isa = PBXBuildFile; fileRef = 7FCB9B9C2741146C00FE300F /* AppDelegate.swift */; };
		7FCB9B9F2741146C00FE300F /* SceneDelegate.swift in Sources */ = {isa = PBXBuildFile; fileRef = 7FCB9B9E2741146C00FE300F /* SceneDelegate.swift */; };
		7FCB9BA12741146C00FE300F /* ViewController.swift in Sources */ = {isa = PBXBuildFile; fileRef = 7FCB9BA02741146C00FE300F /* ViewController.swift */; };
		7FCB9BA42741146C00FE300F /* Main.storyboard in Resources */ = {isa = PBXBuildFile; fileRef = 7FCB9BA22741146C00FE300F /* Main.storyboard */; };
		7FCB9BA62741146F00FE300F /* Assets.xcassets in Resources */ = {isa = PBXBuildFile; fileRef = 7FCB9BA52741146F00FE300F /* Assets.xcassets */; };
		7FCB9BA92741146F00FE300F /* LaunchScreen.storyboard in Resources */ = {isa = PBXBuildFile; fileRef = 7FCB9BA72741146F00FE300F /* LaunchScreen.storyboard */; };
		CD336BED185449E832D65B77 /* Pods_BINDER.framework in Frameworks */ = {isa = PBXBuildFile; fileRef = 6BB35ABF3384352CB6FB2CAB /* Pods_BINDER.framework */; };
/* End PBXBuildFile section */

/* Begin PBXFileReference section */
		4C6F11700E5B96D1F1CD446A /* Pods-BINDER.release.xcconfig */ = {isa = PBXFileReference; includeInIndex = 1; lastKnownFileType = text.xcconfig; name = "Pods-BINDER.release.xcconfig"; path = "Target Support Files/Pods-BINDER/Pods-BINDER.release.xcconfig"; sourceTree = "<group>"; };
		5C5573FE570DE2C1C4CAC197 /* Pods-BINDER.debug.xcconfig */ = {isa = PBXFileReference; includeInIndex = 1; lastKnownFileType = text.xcconfig; name = "Pods-BINDER.debug.xcconfig"; path = "Target Support Files/Pods-BINDER/Pods-BINDER.debug.xcconfig"; sourceTree = "<group>"; };
		6BB35ABF3384352CB6FB2CAB /* Pods_BINDER.framework */ = {isa = PBXFileReference; explicitFileType = wrapper.framework; includeInIndex = 0; path = Pods_BINDER.framework; sourceTree = BUILT_PRODUCTS_DIR; };
		7F7620932744D7D400F02D4D /* GoogleService-Info.plist */ = {isa = PBXFileReference; fileEncoding = 4; lastKnownFileType = text.plist.xml; path = "GoogleService-Info.plist"; sourceTree = "<group>"; };
		7FCB9B992741146C00FE300F /* BINDER.app */ = {isa = PBXFileReference; explicitFileType = wrapper.application; includeInIndex = 0; path = BINDER.app; sourceTree = BUILT_PRODUCTS_DIR; };
		7FCB9B9C2741146C00FE300F /* AppDelegate.swift */ = {isa = PBXFileReference; lastKnownFileType = sourcecode.swift; path = AppDelegate.swift; sourceTree = "<group>"; };
		7FCB9B9E2741146C00FE300F /* SceneDelegate.swift */ = {isa = PBXFileReference; lastKnownFileType = sourcecode.swift; path = SceneDelegate.swift; sourceTree = "<group>"; };
		7FCB9BA02741146C00FE300F /* ViewController.swift */ = {isa = PBXFileReference; lastKnownFileType = sourcecode.swift; path = ViewController.swift; sourceTree = "<group>"; };
		7FCB9BA32741146C00FE300F /* Base */ = {isa = PBXFileReference; lastKnownFileType = file.storyboard; name = Base; path = Base.lproj/Main.storyboard; sourceTree = "<group>"; };
		7FCB9BA52741146F00FE300F /* Assets.xcassets */ = {isa = PBXFileReference; lastKnownFileType = folder.assetcatalog; path = Assets.xcassets; sourceTree = "<group>"; };
		7FCB9BA82741146F00FE300F /* Base */ = {isa = PBXFileReference; lastKnownFileType = file.storyboard; name = Base; path = Base.lproj/LaunchScreen.storyboard; sourceTree = "<group>"; };
		7FCB9BAA2741146F00FE300F /* Info.plist */ = {isa = PBXFileReference; lastKnownFileType = text.plist.xml; path = Info.plist; sourceTree = "<group>"; };
/* End PBXFileReference section */

/* Begin PBXFrameworksBuildPhase section */
		7FCB9B962741146C00FE300F /* Frameworks */ = {
			isa = PBXFrameworksBuildPhase;
			buildActionMask = 2147483647;
			files = (
				CD336BED185449E832D65B77 /* Pods_BINDER.framework in Frameworks */,
			);
			runOnlyForDeploymentPostprocessing = 0;
		};
/* End PBXFrameworksBuildPhase section */

/* Begin PBXGroup section */
		0B6417C6800E3BE514B3E4C0 /* Pods */ = {
			isa = PBXGroup;
			children = (
				5C5573FE570DE2C1C4CAC197 /* Pods-BINDER.debug.xcconfig */,
				4C6F11700E5B96D1F1CD446A /* Pods-BINDER.release.xcconfig */,
			);
			path = Pods;
			sourceTree = "<group>";
		};
		7FCB9B902741146C00FE300F = {
			isa = PBXGroup;
			children = (
				7FCB9B9B2741146C00FE300F /* BINDER */,
				7FCB9B9A2741146C00FE300F /* Products */,
				0B6417C6800E3BE514B3E4C0 /* Pods */,
				822F359E0C93B13CDEFF814A /* Frameworks */,
			);
			sourceTree = "<group>";
		};
		7FCB9B9A2741146C00FE300F /* Products */ = {
			isa = PBXGroup;
			children = (
				7FCB9B992741146C00FE300F /* BINDER.app */,
			);
			name = Products;
			sourceTree = "<group>";
		};
		7FCB9B9B2741146C00FE300F /* BINDER */ = {
			isa = PBXGroup;
			children = (
				7FCB9B9C2741146C00FE300F /* AppDelegate.swift */,
				7FCB9B9E2741146C00FE300F /* SceneDelegate.swift */,
				7FCB9BA02741146C00FE300F /* ViewController.swift */,
				7FCB9BA22741146C00FE300F /* Main.storyboard */,
				7FCB9BA52741146F00FE300F /* Assets.xcassets */,
				7FCB9BA72741146F00FE300F /* LaunchScreen.storyboard */,
				7FCB9BAA2741146F00FE300F /* Info.plist */,
				7F7620932744D7D400F02D4D /* GoogleService-Info.plist */,
			);
			path = BINDER;
			sourceTree = "<group>";
		};
		822F359E0C93B13CDEFF814A /* Frameworks */ = {
			isa = PBXGroup;
			children = (
				6BB35ABF3384352CB6FB2CAB /* Pods_BINDER.framework */,
			);
			name = Frameworks;
			sourceTree = "<group>";
		};
/* End PBXGroup section */

/* Begin PBXNativeTarget section */
		7FCB9B982741146C00FE300F /* BINDER */ = {
			isa = PBXNativeTarget;
			buildConfigurationList = 7FCB9BAD2741146F00FE300F /* Build configuration list for PBXNativeTarget "BINDER" */;
			buildPhases = (
				31B9FACAA3F81DD1FE01192A /* [CP] Check Pods Manifest.lock */,
				7FCB9B952741146C00FE300F /* Sources */,
				7FCB9B962741146C00FE300F /* Frameworks */,
				7FCB9B972741146C00FE300F /* Resources */,
				E44533AF1A7B99078CB3DEE1 /* [CP] Embed Pods Frameworks */,
				0B6FD2643C74A127C1227424 /* [CP] Copy Pods Resources */,
			);
			buildRules = (
			);
			dependencies = (
			);
			name = BINDER;
			productName = BINDER;
			productReference = 7FCB9B992741146C00FE300F /* BINDER.app */;
			productType = "com.apple.product-type.application";
		};
/* End PBXNativeTarget section */

/* Begin PBXProject section */
		7FCB9B912741146C00FE300F /* Project object */ = {
			isa = PBXProject;
			attributes = {
				BuildIndependentTargetsInParallel = 1;
				LastSwiftUpdateCheck = 1310;
				LastUpgradeCheck = 1310;
				TargetAttributes = {
					7FCB9B982741146C00FE300F = {
						CreatedOnToolsVersion = 13.1;
					};
				};
			};
			buildConfigurationList = 7FCB9B942741146C00FE300F /* Build configuration list for PBXProject "BINDER" */;
			compatibilityVersion = "Xcode 13.0";
			developmentRegion = en;
			hasScannedForEncodings = 0;
			knownRegions = (
				en,
				Base,
			);
			mainGroup = 7FCB9B902741146C00FE300F;
			productRefGroup = 7FCB9B9A2741146C00FE300F /* Products */;
			projectDirPath = "";
			projectRoot = "";
			targets = (
				7FCB9B982741146C00FE300F /* BINDER */,
			);
		};
/* End PBXProject section */

/* Begin PBXResourcesBuildPhase section */
		7FCB9B972741146C00FE300F /* Resources */ = {
			isa = PBXResourcesBuildPhase;
			buildActionMask = 2147483647;
			files = (
				7FCB9BA92741146F00FE300F /* LaunchScreen.storyboard in Resources */,
				7F7620942744D7D400F02D4D /* GoogleService-Info.plist in Resources */,
				7FCB9BA62741146F00FE300F /* Assets.xcassets in Resources */,
				7FCB9BA42741146C00FE300F /* Main.storyboard in Resources */,
			);
			runOnlyForDeploymentPostprocessing = 0;
		};
/* End PBXResourcesBuildPhase section */

/* Begin PBXShellScriptBuildPhase section */
		0B6FD2643C74A127C1227424 /* [CP] Copy Pods Resources */ = {
			isa = PBXShellScriptBuildPhase;
			buildActionMask = 2147483647;
			files = (
			);
			inputFileListPaths = (
				"${PODS_ROOT}/Target Support Files/Pods-BINDER/Pods-BINDER-resources-${CONFIGURATION}-input-files.xcfilelist",
			);
			name = "[CP] Copy Pods Resources";
			outputFileListPaths = (
				"${PODS_ROOT}/Target Support Files/Pods-BINDER/Pods-BINDER-resources-${CONFIGURATION}-output-files.xcfilelist",
			);
			runOnlyForDeploymentPostprocessing = 0;
			shellPath = /bin/sh;
			shellScript = "\"${PODS_ROOT}/Target Support Files/Pods-BINDER/Pods-BINDER-resources.sh\"\n";
			showEnvVarsInLog = 0;
		};
		31B9FACAA3F81DD1FE01192A /* [CP] Check Pods Manifest.lock */ = {
			isa = PBXShellScriptBuildPhase;
			buildActionMask = 2147483647;
			files = (
			);
			inputFileListPaths = (
			);
			inputPaths = (
				"${PODS_PODFILE_DIR_PATH}/Podfile.lock",
				"${PODS_ROOT}/Manifest.lock",
			);
			name = "[CP] Check Pods Manifest.lock";
			outputFileListPaths = (
			);
			outputPaths = (
				"$(DERIVED_FILE_DIR)/Pods-BINDER-checkManifestLockResult.txt",
			);
			runOnlyForDeploymentPostprocessing = 0;
			shellPath = /bin/sh;
			shellScript = "diff \"${PODS_PODFILE_DIR_PATH}/Podfile.lock\" \"${PODS_ROOT}/Manifest.lock\" > /dev/null\nif [ $? != 0 ] ; then\n    # print error to STDERR\n    echo \"error: The sandbox is not in sync with the Podfile.lock. Run 'pod install' or update your CocoaPods installation.\" >&2\n    exit 1\nfi\n# This output is used by Xcode 'outputs' to avoid re-running this script phase.\necho \"SUCCESS\" > \"${SCRIPT_OUTPUT_FILE_0}\"\n";
			showEnvVarsInLog = 0;
		};
		E44533AF1A7B99078CB3DEE1 /* [CP] Embed Pods Frameworks */ = {
			isa = PBXShellScriptBuildPhase;
			buildActionMask = 2147483647;
			files = (
			);
			inputFileListPaths = (
				"${PODS_ROOT}/Target Support Files/Pods-BINDER/Pods-BINDER-frameworks-${CONFIGURATION}-input-files.xcfilelist",
			);
			name = "[CP] Embed Pods Frameworks";
			outputFileListPaths = (
				"${PODS_ROOT}/Target Support Files/Pods-BINDER/Pods-BINDER-frameworks-${CONFIGURATION}-output-files.xcfilelist",
			);
			runOnlyForDeploymentPostprocessing = 0;
			shellPath = /bin/sh;
			shellScript = "\"${PODS_ROOT}/Target Support Files/Pods-BINDER/Pods-BINDER-frameworks.sh\"\n";
			showEnvVarsInLog = 0;
		};
/* End PBXShellScriptBuildPhase section */

/* Begin PBXSourcesBuildPhase section */
		7FCB9B952741146C00FE300F /* Sources */ = {
			isa = PBXSourcesBuildPhase;
			buildActionMask = 2147483647;
			files = (
				7FCB9BA12741146C00FE300F /* ViewController.swift in Sources */,
				7FCB9B9D2741146C00FE300F /* AppDelegate.swift in Sources */,
				7FCB9B9F2741146C00FE300F /* SceneDelegate.swift in Sources */,
			);
			runOnlyForDeploymentPostprocessing = 0;
		};
/* End PBXSourcesBuildPhase section */

/* Begin PBXVariantGroup section */
		7FCB9BA22741146C00FE300F /* Main.storyboard */ = {
			isa = PBXVariantGroup;
			children = (
				7FCB9BA32741146C00FE300F /* Base */,
			);
			name = Main.storyboard;
			sourceTree = "<group>";
		};
		7FCB9BA72741146F00FE300F /* LaunchScreen.storyboard */ = {
			isa = PBXVariantGroup;
			children = (
				7FCB9BA82741146F00FE300F /* Base */,
			);
			name = LaunchScreen.storyboard;
			sourceTree = "<group>";
		};
/* End PBXVariantGroup section */

/* Begin XCBuildConfiguration section */
		7FCB9BAB2741146F00FE300F /* Debug */ = {
			isa = XCBuildConfiguration;
			buildSettings = {
				ALWAYS_SEARCH_USER_PATHS = NO;
				CLANG_ANALYZER_NONNULL = YES;
				CLANG_ANALYZER_NUMBER_OBJECT_CONVERSION = YES_AGGRESSIVE;
				CLANG_CXX_LANGUAGE_STANDARD = "gnu++17";
				CLANG_CXX_LIBRARY = "libc++";
				CLANG_ENABLE_MODULES = YES;
				CLANG_ENABLE_OBJC_ARC = YES;
				CLANG_ENABLE_OBJC_WEAK = YES;
				CLANG_WARN_BLOCK_CAPTURE_AUTORELEASING = YES;
				CLANG_WARN_BOOL_CONVERSION = YES;
				CLANG_WARN_COMMA = YES;
				CLANG_WARN_CONSTANT_CONVERSION = YES;
				CLANG_WARN_DEPRECATED_OBJC_IMPLEMENTATIONS = YES;
				CLANG_WARN_DIRECT_OBJC_ISA_USAGE = YES_ERROR;
				CLANG_WARN_DOCUMENTATION_COMMENTS = YES;
				CLANG_WARN_EMPTY_BODY = YES;
				CLANG_WARN_ENUM_CONVERSION = YES;
				CLANG_WARN_INFINITE_RECURSION = YES;
				CLANG_WARN_INT_CONVERSION = YES;
				CLANG_WARN_NON_LITERAL_NULL_CONVERSION = YES;
				CLANG_WARN_OBJC_IMPLICIT_RETAIN_SELF = YES;
				CLANG_WARN_OBJC_LITERAL_CONVERSION = YES;
				CLANG_WARN_OBJC_ROOT_CLASS = YES_ERROR;
				CLANG_WARN_QUOTED_INCLUDE_IN_FRAMEWORK_HEADER = YES;
				CLANG_WARN_RANGE_LOOP_ANALYSIS = YES;
				CLANG_WARN_STRICT_PROTOTYPES = YES;
				CLANG_WARN_SUSPICIOUS_MOVE = YES;
				CLANG_WARN_UNGUARDED_AVAILABILITY = YES_AGGRESSIVE;
				CLANG_WARN_UNREACHABLE_CODE = YES;
				CLANG_WARN__DUPLICATE_METHOD_MATCH = YES;
				COPY_PHASE_STRIP = NO;
				DEBUG_INFORMATION_FORMAT = dwarf;
				ENABLE_STRICT_OBJC_MSGSEND = YES;
				ENABLE_TESTABILITY = YES;
				GCC_C_LANGUAGE_STANDARD = gnu11;
				GCC_DYNAMIC_NO_PIC = NO;
				GCC_NO_COMMON_BLOCKS = NO;
				GCC_OPTIMIZATION_LEVEL = 0;
				GCC_PREPROCESSOR_DEFINITIONS = (
					"DEBUG=1",
					"$(inherited)",
				);
				GCC_WARN_64_TO_32_BIT_CONVERSION = YES;
				GCC_WARN_ABOUT_RETURN_TYPE = YES_ERROR;
				GCC_WARN_UNDECLARED_SELECTOR = YES;
				GCC_WARN_UNINITIALIZED_AUTOS = YES_AGGRESSIVE;
				GCC_WARN_UNUSED_FUNCTION = YES;
				GCC_WARN_UNUSED_VARIABLE = YES;
				IPHONEOS_DEPLOYMENT_TARGET = 15.0;
				MTL_ENABLE_DEBUG_INFO = INCLUDE_SOURCE;
				MTL_FAST_MATH = YES;
				ONLY_ACTIVE_ARCH = YES;
				SDKROOT = iphoneos;
				SWIFT_ACTIVE_COMPILATION_CONDITIONS = DEBUG;
				SWIFT_OPTIMIZATION_LEVEL = "-Onone";
			};
			name = Debug;
		};
		7FCB9BAC2741146F00FE300F /* Release */ = {
			isa = XCBuildConfiguration;
			buildSettings = {
				ALWAYS_SEARCH_USER_PATHS = NO;
				CLANG_ANALYZER_NONNULL = YES;
				CLANG_ANALYZER_NUMBER_OBJECT_CONVERSION = YES_AGGRESSIVE;
				CLANG_CXX_LANGUAGE_STANDARD = "gnu++17";
				CLANG_CXX_LIBRARY = "libc++";
				CLANG_ENABLE_MODULES = YES;
				CLANG_ENABLE_OBJC_ARC = YES;
				CLANG_ENABLE_OBJC_WEAK = YES;
				CLANG_WARN_BLOCK_CAPTURE_AUTORELEASING = YES;
				CLANG_WARN_BOOL_CONVERSION = YES;
				CLANG_WARN_COMMA = YES;
				CLANG_WARN_CONSTANT_CONVERSION = YES;
				CLANG_WARN_DEPRECATED_OBJC_IMPLEMENTATIONS = YES;
				CLANG_WARN_DIRECT_OBJC_ISA_USAGE = YES_ERROR;
				CLANG_WARN_DOCUMENTATION_COMMENTS = YES;
				CLANG_WARN_EMPTY_BODY = YES;
				CLANG_WARN_ENUM_CONVERSION = YES;
				CLANG_WARN_INFINITE_RECURSION = YES;
				CLANG_WARN_INT_CONVERSION = YES;
				CLANG_WARN_NON_LITERAL_NULL_CONVERSION = YES;
				CLANG_WARN_OBJC_IMPLICIT_RETAIN_SELF = YES;
				CLANG_WARN_OBJC_LITERAL_CONVERSION = YES;
				CLANG_WARN_OBJC_ROOT_CLASS = YES_ERROR;
				CLANG_WARN_QUOTED_INCLUDE_IN_FRAMEWORK_HEADER = YES;
				CLANG_WARN_RANGE_LOOP_ANALYSIS = YES;
				CLANG_WARN_STRICT_PROTOTYPES = YES;
				CLANG_WARN_SUSPICIOUS_MOVE = YES;
				CLANG_WARN_UNGUARDED_AVAILABILITY = YES_AGGRESSIVE;
				CLANG_WARN_UNREACHABLE_CODE = YES;
				CLANG_WARN__DUPLICATE_METHOD_MATCH = YES;
				COPY_PHASE_STRIP = NO;
				DEBUG_INFORMATION_FORMAT = "dwarf-with-dsym";
				ENABLE_NS_ASSERTIONS = NO;
				ENABLE_STRICT_OBJC_MSGSEND = YES;
				GCC_C_LANGUAGE_STANDARD = gnu11;
				GCC_NO_COMMON_BLOCKS = NO;
				GCC_WARN_64_TO_32_BIT_CONVERSION = YES;
				GCC_WARN_ABOUT_RETURN_TYPE = YES_ERROR;
				GCC_WARN_UNDECLARED_SELECTOR = YES;
				GCC_WARN_UNINITIALIZED_AUTOS = YES_AGGRESSIVE;
				GCC_WARN_UNUSED_FUNCTION = YES;
				GCC_WARN_UNUSED_VARIABLE = YES;
				IPHONEOS_DEPLOYMENT_TARGET = 15.0;
				MTL_ENABLE_DEBUG_INFO = NO;
				MTL_FAST_MATH = YES;
				SDKROOT = iphoneos;
				SWIFT_COMPILATION_MODE = wholemodule;
				SWIFT_OPTIMIZATION_LEVEL = "-O";
				VALIDATE_PRODUCT = YES;
			};
			name = Release;
		};
		7FCB9BAE2741146F00FE300F /* Debug */ = {
			isa = XCBuildConfiguration;
			baseConfigurationReference = 5C5573FE570DE2C1C4CAC197 /* Pods-BINDER.debug.xcconfig */;
			buildSettings = {
				ASSETCATALOG_COMPILER_APPICON_NAME = AppIcon;
				ASSETCATALOG_COMPILER_GLOBAL_ACCENT_COLOR_NAME = AccentColor;
				CODE_SIGN_STYLE = Automatic;
				CURRENT_PROJECT_VERSION = 1;
				DEVELOPMENT_TEAM = 79KDG8ZYHT;
				GENERATE_INFOPLIST_FILE = YES;
				INFOPLIST_FILE = BINDER/Info.plist;
				INFOPLIST_KEY_UIApplicationSupportsIndirectInputEvents = YES;
				INFOPLIST_KEY_UILaunchStoryboardName = LaunchScreen;
				INFOPLIST_KEY_UIMainStoryboardFile = Main;
				INFOPLIST_KEY_UISupportedInterfaceOrientations_iPad = "UIInterfaceOrientationPortrait UIInterfaceOrientationPortraitUpsideDown UIInterfaceOrientationLandscapeLeft UIInterfaceOrientationLandscapeRight";
				INFOPLIST_KEY_UISupportedInterfaceOrientations_iPhone = "UIInterfaceOrientationPortrait UIInterfaceOrientationLandscapeLeft UIInterfaceOrientationLandscapeRight";
				LD_RUNPATH_SEARCH_PATHS = "";
				MARKETING_VERSION = 1.0;
				OTHER_LDFLAGS = "$(inherited)";
				PRODUCT_BUNDLE_IDENTIFIER = com.TMI.BINDER;
				PRODUCT_NAME = "$(TARGET_NAME)";
				SWIFT_EMIT_LOC_STRINGS = YES;
				SWIFT_VERSION = 5.0;
				TARGETED_DEVICE_FAMILY = "1,2";
			};
			name = Debug;
		};
		7FCB9BAF2741146F00FE300F /* Release */ = {
			isa = XCBuildConfiguration;
			baseConfigurationReference = 4C6F11700E5B96D1F1CD446A /* Pods-BINDER.release.xcconfig */;
			buildSettings = {
				ASSETCATALOG_COMPILER_APPICON_NAME = AppIcon;
				ASSETCATALOG_COMPILER_GLOBAL_ACCENT_COLOR_NAME = AccentColor;
				CODE_SIGN_STYLE = Automatic;
				CURRENT_PROJECT_VERSION = 1;
				DEVELOPMENT_TEAM = 79KDG8ZYHT;
				GENERATE_INFOPLIST_FILE = YES;
				INFOPLIST_FILE = BINDER/Info.plist;
				INFOPLIST_KEY_UIApplicationSupportsIndirectInputEvents = YES;
				INFOPLIST_KEY_UILaunchStoryboardName = LaunchScreen;
				INFOPLIST_KEY_UIMainStoryboardFile = Main;
				INFOPLIST_KEY_UISupportedInterfaceOrientations_iPad = "UIInterfaceOrientationPortrait UIInterfaceOrientationPortraitUpsideDown UIInterfaceOrientationLandscapeLeft UIInterfaceOrientationLandscapeRight";
				INFOPLIST_KEY_UISupportedInterfaceOrientations_iPhone = "UIInterfaceOrientationPortrait UIInterfaceOrientationLandscapeLeft UIInterfaceOrientationLandscapeRight";
				LD_RUNPATH_SEARCH_PATHS = "";
				MARKETING_VERSION = 1.0;
				OTHER_LDFLAGS = "$(inherited)";
				"OTHER_LDFLAGS[arch=*]" = "";
				PRODUCT_BUNDLE_IDENTIFIER = com.TMI.BINDER;
				PRODUCT_NAME = "$(TARGET_NAME)";
				SWIFT_EMIT_LOC_STRINGS = YES;
				SWIFT_VERSION = 5.0;
				TARGETED_DEVICE_FAMILY = "1,2";
			};
			name = Release;
		};
/* End XCBuildConfiguration section */

/* Begin XCConfigurationList section */
		7FCB9B942741146C00FE300F /* Build configuration list for PBXProject "BINDER" */ = {
			isa = XCConfigurationList;
			buildConfigurations = (
				7FCB9BAB2741146F00FE300F /* Debug */,
				7FCB9BAC2741146F00FE300F /* Release */,
			);
			defaultConfigurationIsVisible = 0;
			defaultConfigurationName = Release;
		};
		7FCB9BAD2741146F00FE300F /* Build configuration list for PBXNativeTarget "BINDER" */ = {
			isa = XCConfigurationList;
			buildConfigurations = (
				7FCB9BAE2741146F00FE300F /* Debug */,
				7FCB9BAF2741146F00FE300F /* Release */,
			);
			defaultConfigurationIsVisible = 0;
			defaultConfigurationName = Release;
		};
/* End XCConfigurationList section */
	};
	rootObject = 7FCB9B912741146C00FE300F /* Project object */;
}
