// !$*UTF8*$!
{
	archiveVersion = 1;
	classes = {
	};
	objectVersion = 48;
	objects = {

/* Begin PBXBuildFile section */
		C508E2EF1FC14AE900442EAE /* Hero.swift in Sources */ = {isa = PBXBuildFile; fileRef = C508E2EE1FC14AE900442EAE /* Hero.swift */; };
		C54C73EF1FC0872D00F1531B /* AppDelegate.swift in Sources */ = {isa = PBXBuildFile; fileRef = C54C73EE1FC0872D00F1531B /* AppDelegate.swift */; };
		C54C73F11FC0872D00F1531B /* ViewController.swift in Sources */ = {isa = PBXBuildFile; fileRef = C54C73F01FC0872D00F1531B /* ViewController.swift */; };
		C54C73F41FC0872D00F1531B /* Main.storyboard in Resources */ = {isa = PBXBuildFile; fileRef = C54C73F21FC0872D00F1531B /* Main.storyboard */; };
		C54C73F61FC0872D00F1531B /* Assets.xcassets in Resources */ = {isa = PBXBuildFile; fileRef = C54C73F51FC0872D00F1531B /* Assets.xcassets */; };
		C54C73F91FC0872D00F1531B /* LaunchScreen.storyboard in Resources */ = {isa = PBXBuildFile; fileRef = C54C73F71FC0872D00F1531B /* LaunchScreen.storyboard */; };
		C54C74041FC0872E00F1531B /* SwiftExampleTests.swift in Sources */ = {isa = PBXBuildFile; fileRef = C54C74031FC0872E00F1531B /* SwiftExampleTests.swift */; };
		C54C740F1FC0872E00F1531B /* SwiftExampleUITests.swift in Sources */ = {isa = PBXBuildFile; fileRef = C54C740E1FC0872E00F1531B /* SwiftExampleUITests.swift */; };
/* End PBXBuildFile section */

/* Begin PBXContainerItemProxy section */
		C54C74001FC0872E00F1531B /* PBXContainerItemProxy */ = {
			isa = PBXContainerItemProxy;
			containerPortal = C54C73E31FC0872D00F1531B /* Project object */;
			proxyType = 1;
			remoteGlobalIDString = C54C73EA1FC0872D00F1531B;
			remoteInfo = SwiftExample;
		};
		C54C740B1FC0872E00F1531B /* PBXContainerItemProxy */ = {
			isa = PBXContainerItemProxy;
			containerPortal = C54C73E31FC0872D00F1531B /* Project object */;
			proxyType = 1;
			remoteGlobalIDString = C54C73EA1FC0872D00F1531B;
			remoteInfo = SwiftExample;
		};
/* End PBXContainerItemProxy section */

/* Begin PBXFileReference section */
		C508E2EE1FC14AE900442EAE /* Hero.swift */ = {isa = PBXFileReference; lastKnownFileType = sourcecode.swift; path = Hero.swift; sourceTree = "<group>"; };
		C54C73EB1FC0872D00F1531B /* SwiftExample.app */ = {isa = PBXFileReference; explicitFileType = wrapper.application; includeInIndex = 0; path = SwiftExample.app; sourceTree = BUILT_PRODUCTS_DIR; };
		C54C73EE1FC0872D00F1531B /* AppDelegate.swift */ = {isa = PBXFileReference; lastKnownFileType = sourcecode.swift; path = AppDelegate.swift; sourceTree = "<group>"; };
		C54C73F01FC0872D00F1531B /* ViewController.swift */ = {isa = PBXFileReference; lastKnownFileType = sourcecode.swift; path = ViewController.swift; sourceTree = "<group>"; };
		C54C73F31FC0872D00F1531B /* Base */ = {isa = PBXFileReference; lastKnownFileType = file.storyboard; name = Base; path = Base.lproj/Main.storyboard; sourceTree = "<group>"; };
		C54C73F51FC0872D00F1531B /* Assets.xcassets */ = {isa = PBXFileReference; lastKnownFileType = folder.assetcatalog; path = Assets.xcassets; sourceTree = "<group>"; };
		C54C73F81FC0872D00F1531B /* Base */ = {isa = PBXFileReference; lastKnownFileType = file.storyboard; name = Base; path = Base.lproj/LaunchScreen.storyboard; sourceTree = "<group>"; };
		C54C73FA1FC0872D00F1531B /* Info.plist */ = {isa = PBXFileReference; lastKnownFileType = text.plist.xml; path = Info.plist; sourceTree = "<group>"; };
		C54C73FF1FC0872E00F1531B /* SwiftExampleTests.xctest */ = {isa = PBXFileReference; explicitFileType = wrapper.cfbundle; includeInIndex = 0; path = SwiftExampleTests.xctest; sourceTree = BUILT_PRODUCTS_DIR; };
		C54C74031FC0872E00F1531B /* SwiftExampleTests.swift */ = {isa = PBXFileReference; lastKnownFileType = sourcecode.swift; path = SwiftExampleTests.swift; sourceTree = "<group>"; };
		C54C74051FC0872E00F1531B /* Info.plist */ = {isa = PBXFileReference; lastKnownFileType = text.plist.xml; path = Info.plist; sourceTree = "<group>"; };
		C54C740A1FC0872E00F1531B /* SwiftExampleUITests.xctest */ = {isa = PBXFileReference; explicitFileType = wrapper.cfbundle; includeInIndex = 0; path = SwiftExampleUITests.xctest; sourceTree = BUILT_PRODUCTS_DIR; };
		C54C740E1FC0872E00F1531B /* SwiftExampleUITests.swift */ = {isa = PBXFileReference; lastKnownFileType = sourcecode.swift; path = SwiftExampleUITests.swift; sourceTree = "<group>"; };
		C54C74101FC0872E00F1531B /* Info.plist */ = {isa = PBXFileReference; lastKnownFileType = text.plist.xml; path = Info.plist; sourceTree = "<group>"; };
/* End PBXFileReference section */

/* Begin PBXFrameworksBuildPhase section */
		C54C73E81FC0872D00F1531B /* Frameworks */ = {
			isa = PBXFrameworksBuildPhase;
			buildActionMask = 2147483647;
			files = (
			);
			runOnlyForDeploymentPostprocessing = 0;
		};
		C54C73FC1FC0872E00F1531B /* Frameworks */ = {
			isa = PBXFrameworksBuildPhase;
			buildActionMask = 2147483647;
			files = (
			);
			runOnlyForDeploymentPostprocessing = 0;
		};
		C54C74071FC0872E00F1531B /* Frameworks */ = {
			isa = PBXFrameworksBuildPhase;
			buildActionMask = 2147483647;
			files = (
			);
			runOnlyForDeploymentPostprocessing = 0;
		};
/* End PBXFrameworksBuildPhase section */

/* Begin PBXGroup section */
		C54C73E21FC0872D00F1531B = {
			isa = PBXGroup;
			children = (
				C54C73ED1FC0872D00F1531B /* SwiftExample */,
				C54C74021FC0872E00F1531B /* SwiftExampleTests */,
				C54C740D1FC0872E00F1531B /* SwiftExampleUITests */,
				C54C73EC1FC0872D00F1531B /* Products */,
			);
			sourceTree = "<group>";
		};
		C54C73EC1FC0872D00F1531B /* Products */ = {
			isa = PBXGroup;
			children = (
				C54C73EB1FC0872D00F1531B /* SwiftExample.app */,
				C54C73FF1FC0872E00F1531B /* SwiftExampleTests.xctest */,
				C54C740A1FC0872E00F1531B /* SwiftExampleUITests.xctest */,
			);
			name = Products;
			sourceTree = "<group>";
		};
		C54C73ED1FC0872D00F1531B /* SwiftExample */ = {
			isa = PBXGroup;
			children = (
				C54C73EE1FC0872D00F1531B /* AppDelegate.swift */,
				C54C73F01FC0872D00F1531B /* ViewController.swift */,
				C54C73F21FC0872D00F1531B /* Main.storyboard */,
				C54C73F51FC0872D00F1531B /* Assets.xcassets */,
				C54C73F71FC0872D00F1531B /* LaunchScreen.storyboard */,
				C54C73FA1FC0872D00F1531B /* Info.plist */,
				C508E2EE1FC14AE900442EAE /* Hero.swift */,
			);
			path = SwiftExample;
			sourceTree = "<group>";
		};
		C54C74021FC0872E00F1531B /* SwiftExampleTests */ = {
			isa = PBXGroup;
			children = (
				C54C74031FC0872E00F1531B /* SwiftExampleTests.swift */,
				C54C74051FC0872E00F1531B /* Info.plist */,
			);
			path = SwiftExampleTests;
			sourceTree = "<group>";
		};
		C54C740D1FC0872E00F1531B /* SwiftExampleUITests */ = {
			isa = PBXGroup;
			children = (
				C54C740E1FC0872E00F1531B /* SwiftExampleUITests.swift */,
				C54C74101FC0872E00F1531B /* Info.plist */,
			);
			path = SwiftExampleUITests;
			sourceTree = "<group>";
		};
/* End PBXGroup section */

/* Begin PBXNativeTarget section */
		C54C73EA1FC0872D00F1531B /* SwiftExample */ = {
			isa = PBXNativeTarget;
			buildConfigurationList = C54C74131FC0872E00F1531B /* Build configuration list for PBXNativeTarget "SwiftExample" */;
			buildPhases = (
				C54C73E71FC0872D00F1531B /* Sources */,
				C54C73E81FC0872D00F1531B /* Frameworks */,
				C54C73E91FC0872D00F1531B /* Resources */,
			);
			buildRules = (
			);
			dependencies = (
			);
			name = SwiftExample;
			productName = SwiftExample;
			productReference = C54C73EB1FC0872D00F1531B /* SwiftExample.app */;
			productType = "com.apple.product-type.application";
		};
		C54C73FE1FC0872E00F1531B /* SwiftExampleTests */ = {
			isa = PBXNativeTarget;
			buildConfigurationList = C54C74161FC0872E00F1531B /* Build configuration list for PBXNativeTarget "SwiftExampleTests" */;
			buildPhases = (
				C54C73FB1FC0872E00F1531B /* Sources */,
				C54C73FC1FC0872E00F1531B /* Frameworks */,
				C54C73FD1FC0872E00F1531B /* Resources */,
			);
			buildRules = (
			);
			dependencies = (
				C54C74011FC0872E00F1531B /* PBXTargetDependency */,
			);
			name = SwiftExampleTests;
			productName = SwiftExampleTests;
			productReference = C54C73FF1FC0872E00F1531B /* SwiftExampleTests.xctest */;
			productType = "com.apple.product-type.bundle.unit-test";
		};
		C54C74091FC0872E00F1531B /* SwiftExampleUITests */ = {
			isa = PBXNativeTarget;
			buildConfigurationList = C54C74191FC0872E00F1531B /* Build configuration list for PBXNativeTarget "SwiftExampleUITests" */;
			buildPhases = (
				C54C74061FC0872E00F1531B /* Sources */,
				C54C74071FC0872E00F1531B /* Frameworks */,
				C54C74081FC0872E00F1531B /* Resources */,
			);
			buildRules = (
			);
			dependencies = (
				C54C740C1FC0872E00F1531B /* PBXTargetDependency */,
			);
			name = SwiftExampleUITests;
			productName = SwiftExampleUITests;
			productReference = C54C740A1FC0872E00F1531B /* SwiftExampleUITests.xctest */;
			productType = "com.apple.product-type.bundle.ui-testing";
		};
/* End PBXNativeTarget section */

/* Begin PBXProject section */
		C54C73E31FC0872D00F1531B /* Project object */ = {
			isa = PBXProject;
			attributes = {
				LastSwiftUpdateCheck = 0910;
				LastUpgradeCheck = 0910;
				ORGANIZATIONNAME = "Belal Khan";
				TargetAttributes = {
					C54C73EA1FC0872D00F1531B = {
						CreatedOnToolsVersion = 9.1;
						ProvisioningStyle = Automatic;
					};
					C54C73FE1FC0872E00F1531B = {
						CreatedOnToolsVersion = 9.1;
						ProvisioningStyle = Automatic;
						TestTargetID = C54C73EA1FC0872D00F1531B;
					};
					C54C74091FC0872E00F1531B = {
						CreatedOnToolsVersion = 9.1;
						ProvisioningStyle = Automatic;
						TestTargetID = C54C73EA1FC0872D00F1531B;
					};
				};
			};
			buildConfigurationList = C54C73E61FC0872D00F1531B /* Build configuration list for PBXProject "SwiftExample" */;
			compatibilityVersion = "Xcode 8.0";
			developmentRegion = en;
			hasScannedForEncodings = 0;
			knownRegions = (
				en,
				Base,
			);
			mainGroup = C54C73E21FC0872D00F1531B;
			productRefGroup = C54C73EC1FC0872D00F1531B /* Products */;
			projectDirPath = "";
			projectRoot = "";
			targets = (
				C54C73EA1FC0872D00F1531B /* SwiftExample */,
				C54C73FE1FC0872E00F1531B /* SwiftExampleTests */,
				C54C74091FC0872E00F1531B /* SwiftExampleUITests */,
			);
		};
/* End PBXProject section */

/* Begin PBXResourcesBuildPhase section */
		C54C73E91FC0872D00F1531B /* Resources */ = {
			isa = PBXResourcesBuildPhase;
			buildActionMask = 2147483647;
			files = (
				C54C73F91FC0872D00F1531B /* LaunchScreen.storyboard in Resources */,
				C54C73F61FC0872D00F1531B /* Assets.xcassets in Resources */,
				C54C73F41FC0872D00F1531B /* Main.storyboard in Resources */,
			);
			runOnlyForDeploymentPostprocessing = 0;
		};
		C54C73FD1FC0872E00F1531B /* Resources */ = {
			isa = PBXResourcesBuildPhase;
			buildActionMask = 2147483647;
			files = (
			);
			runOnlyForDeploymentPostprocessing = 0;
		};
		C54C74081FC0872E00F1531B /* Resources */ = {
			isa = PBXResourcesBuildPhase;
			buildActionMask = 2147483647;
			files = (
			);
			runOnlyForDeploymentPostprocessing = 0;
		};
/* End PBXResourcesBuildPhase section */

/* Begin PBXSourcesBuildPhase section */
		C54C73E71FC0872D00F1531B /* Sources */ = {
			isa = PBXSourcesBuildPhase;
			buildActionMask = 2147483647;
			files = (
				C54C73F11FC0872D00F1531B /* ViewController.swift in Sources */,
				C54C73EF1FC0872D00F1531B /* AppDelegate.swift in Sources */,
				C508E2EF1FC14AE900442EAE /* Hero.swift in Sources */,
			);
			runOnlyForDeploymentPostprocessing = 0;
		};
		C54C73FB1FC0872E00F1531B /* Sources */ = {
			isa = PBXSourcesBuildPhase;
			buildActionMask = 2147483647;
			files = (
				C54C74041FC0872E00F1531B /* SwiftExampleTests.swift in Sources */,
			);
			runOnlyForDeploymentPostprocessing = 0;
		};
		C54C74061FC0872E00F1531B /* Sources */ = {
			isa = PBXSourcesBuildPhase;
			buildActionMask = 2147483647;
			files = (
				C54C740F1FC0872E00F1531B /* SwiftExampleUITests.swift in Sources */,
			);
			runOnlyForDeploymentPostprocessing = 0;
		};
/* End PBXSourcesBuildPhase section */

/* Begin PBXTargetDependency section */
		C54C74011FC0872E00F1531B /* PBXTargetDependency */ = {
			isa = PBXTargetDependency;
			target = C54C73EA1FC0872D00F1531B /* SwiftExample */;
			targetProxy = C54C74001FC0872E00F1531B /* PBXContainerItemProxy */;
		};
		C54C740C1FC0872E00F1531B /* PBXTargetDependency */ = {
			isa = PBXTargetDependency;
			target = C54C73EA1FC0872D00F1531B /* SwiftExample */;
			targetProxy = C54C740B1FC0872E00F1531B /* PBXContainerItemProxy */;
		};
/* End PBXTargetDependency section */

/* Begin PBXVariantGroup section */
		C54C73F21FC0872D00F1531B /* Main.storyboard */ = {
			isa = PBXVariantGroup;
			children = (
				C54C73F31FC0872D00F1531B /* Base */,
			);
			name = Main.storyboard;
			sourceTree = "<group>";
		};
		C54C73F71FC0872D00F1531B /* LaunchScreen.storyboard */ = {
			isa = PBXVariantGroup;
			children = (
				C54C73F81FC0872D00F1531B /* Base */,
			);
			name = LaunchScreen.storyboard;
			sourceTree = "<group>";
		};
/* End PBXVariantGroup section */

/* Begin XCBuildConfiguration section */
		C54C74111FC0872E00F1531B /* Debug */ = {
			isa = XCBuildConfiguration;
			buildSettings = {
				ALWAYS_SEARCH_USER_PATHS = NO;
				CLANG_ANALYZER_NONNULL = YES;
				CLANG_ANALYZER_NUMBER_OBJECT_CONVERSION = YES_AGGRESSIVE;
				CLANG_CXX_LANGUAGE_STANDARD = "gnu++14";
				CLANG_CXX_LIBRARY = "libc++";
				CLANG_ENABLE_MODULES = YES;
				CLANG_ENABLE_OBJC_ARC = YES;
				CLANG_WARN_BLOCK_CAPTURE_AUTORELEASING = YES;
				CLANG_WARN_BOOL_CONVERSION = YES;
				CLANG_WARN_COMMA = YES;
				CLANG_WARN_CONSTANT_CONVERSION = YES;
				CLANG_WARN_DIRECT_OBJC_ISA_USAGE = YES_ERROR;
				CLANG_WARN_DOCUMENTATION_COMMENTS = YES;
				CLANG_WARN_EMPTY_BODY = YES;
				CLANG_WARN_ENUM_CONVERSION = YES;
				CLANG_WARN_INFINITE_RECURSION = YES;
				CLANG_WARN_INT_CONVERSION = YES;
				CLANG_WARN_NON_LITERAL_NULL_CONVERSION = YES;
				CLANG_WARN_OBJC_LITERAL_CONVERSION = YES;
				CLANG_WARN_OBJC_ROOT_CLASS = YES_ERROR;
				CLANG_WARN_RANGE_LOOP_ANALYSIS = YES;
				CLANG_WARN_STRICT_PROTOTYPES = YES;
				CLANG_WARN_SUSPICIOUS_MOVE = YES;
				CLANG_WARN_UNGUARDED_AVAILABILITY = YES_AGGRESSIVE;
				CLANG_WARN_UNREACHABLE_CODE = YES;
				CLANG_WARN__DUPLICATE_METHOD_MATCH = YES;
				CODE_SIGN_IDENTITY = "iPhone Developer";
				COPY_PHASE_STRIP = NO;
				DEBUG_INFORMATION_FORMAT = dwarf;
				ENABLE_STRICT_OBJC_MSGSEND = YES;
				ENABLE_TESTABILITY = YES;
				GCC_C_LANGUAGE_STANDARD = gnu11;
				GCC_DYNAMIC_NO_PIC = NO;
				GCC_NO_COMMON_BLOCKS = YES;
				GCC_OPTIMIZATION_LEVEL = 0;
				GCC_PREPROCESSOR_DEFINITIONS = (
					"DEBUG=1",
					"$(inherited)",
				);
				GCC_WARN_64_TO_32_BIT_CONVERSION = YES;
				GCC_WARN_ABOUT_RETURN_TYPE = YES_ERROR;
				GCC_WARN_UNDECLARED_SELECTOR = YES;
				GCC_WARN_UNINITIALIZED_AUTOS = YES_AGGRESSIVE;
				GCC_WARN_UNUSED_FUNCTION = YES;
				GCC_WARN_UNUSED_VARIABLE = YES;
				IPHONEOS_DEPLOYMENT_TARGET = 11.1;
				MTL_ENABLE_DEBUG_INFO = YES;
				ONLY_ACTIVE_ARCH = YES;
				SDKROOT = iphoneos;
				SWIFT_ACTIVE_COMPILATION_CONDITIONS = DEBUG;
				SWIFT_OPTIMIZATION_LEVEL = "-Onone";
			};
			name = Debug;
		};
		C54C74121FC0872E00F1531B /* Release */ = {
			isa = XCBuildConfiguration;
			buildSettings = {
				ALWAYS_SEARCH_USER_PATHS = NO;
				CLANG_ANALYZER_NONNULL = YES;
				CLANG_ANALYZER_NUMBER_OBJECT_CONVERSION = YES_AGGRESSIVE;
				CLANG_CXX_LANGUAGE_STANDARD = "gnu++14";
				CLANG_CXX_LIBRARY = "libc++";
				CLANG_ENABLE_MODULES = YES;
				CLANG_ENABLE_OBJC_ARC = YES;
				CLANG_WARN_BLOCK_CAPTURE_AUTORELEASING = YES;
				CLANG_WARN_BOOL_CONVERSION = YES;
				CLANG_WARN_COMMA = YES;
				CLANG_WARN_CONSTANT_CONVERSION = YES;
				CLANG_WARN_DIRECT_OBJC_ISA_USAGE = YES_ERROR;
				CLANG_WARN_DOCUMENTATION_COMMENTS = YES;
				CLANG_WARN_EMPTY_BODY = YES;
				CLANG_WARN_ENUM_CONVERSION = YES;
				CLANG_WARN_INFINITE_RECURSION = YES;
				CLANG_WARN_INT_CONVERSION = YES;
				CLANG_WARN_NON_LITERAL_NULL_CONVERSION = YES;
				CLANG_WARN_OBJC_LITERAL_CONVERSION = YES;
				CLANG_WARN_OBJC_ROOT_CLASS = YES_ERROR;
				CLANG_WARN_RANGE_LOOP_ANALYSIS = YES;
				CLANG_WARN_STRICT_PROTOTYPES = YES;
				CLANG_WARN_SUSPICIOUS_MOVE = YES;
				CLANG_WARN_UNGUARDED_AVAILABILITY = YES_AGGRESSIVE;
				CLANG_WARN_UNREACHABLE_CODE = YES;
				CLANG_WARN__DUPLICATE_METHOD_MATCH = YES;
				CODE_SIGN_IDENTITY = "iPhone Developer";
				COPY_PHASE_STRIP = NO;
				DEBUG_INFORMATION_FORMAT = "dwarf-with-dsym";
				ENABLE_NS_ASSERTIONS = NO;
				ENABLE_STRICT_OBJC_MSGSEND = YES;
				GCC_C_LANGUAGE_STANDARD = gnu11;
				GCC_NO_COMMON_BLOCKS = YES;
				GCC_WARN_64_TO_32_BIT_CONVERSION = YES;
				GCC_WARN_ABOUT_RETURN_TYPE = YES_ERROR;
				GCC_WARN_UNDECLARED_SELECTOR = YES;
				GCC_WARN_UNINITIALIZED_AUTOS = YES_AGGRESSIVE;
				GCC_WARN_UNUSED_FUNCTION = YES;
				GCC_WARN_UNUSED_VARIABLE = YES;
				IPHONEOS_DEPLOYMENT_TARGET = 11.1;
				MTL_ENABLE_DEBUG_INFO = NO;
				SDKROOT = iphoneos;
				SWIFT_OPTIMIZATION_LEVEL = "-Owholemodule";
				VALIDATE_PRODUCT = YES;
			};
			name = Release;
		};
		C54C74141FC0872E00F1531B /* Debug */ = {
			isa = XCBuildConfiguration;
			buildSettings = {
				ASSETCATALOG_COMPILER_APPICON_NAME = AppIcon;
				CODE_SIGN_STYLE = Automatic;
				INFOPLIST_FILE = SwiftExample/Info.plist;
				LD_RUNPATH_SEARCH_PATHS = "$(inherited) @executable_path/Frameworks";
				PRODUCT_BUNDLE_IDENTIFIER = simplifiedios.SwiftExample;
				PRODUCT_NAME = "$(TARGET_NAME)";
				SWIFT_VERSION = 4.0;
				TARGETED_DEVICE_FAMILY = "1,2";
			};
			name = Debug;
		};
		C54C74151FC0872E00F1531B /* Release */ = {
			isa = XCBuildConfiguration;
			buildSettings = {
				ASSETCATALOG_COMPILER_APPICON_NAME = AppIcon;
				CODE_SIGN_STYLE = Automatic;
				INFOPLIST_FILE = SwiftExample/Info.plist;
				LD_RUNPATH_SEARCH_PATHS = "$(inherited) @executable_path/Frameworks";
				PRODUCT_BUNDLE_IDENTIFIER = simplifiedios.SwiftExample;
				PRODUCT_NAME = "$(TARGET_NAME)";
				SWIFT_VERSION = 4.0;
				TARGETED_DEVICE_FAMILY = "1,2";
			};
			name = Release;
		};
		C54C74171FC0872E00F1531B /* Debug */ = {
			isa = XCBuildConfiguration;
			buildSettings = {
				ALWAYS_EMBED_SWIFT_STANDARD_LIBRARIES = YES;
				BUNDLE_LOADER = "$(TEST_HOST)";
				CODE_SIGN_STYLE = Automatic;
				INFOPLIST_FILE = SwiftExampleTests/Info.plist;
				LD_RUNPATH_SEARCH_PATHS = "$(inherited) @executable_path/Frameworks @loader_path/Frameworks";
				PRODUCT_BUNDLE_IDENTIFIER = simplifiedios.SwiftExampleTests;
				PRODUCT_NAME = "$(TARGET_NAME)";
				SWIFT_VERSION = 4.0;
				TARGETED_DEVICE_FAMILY = "1,2";
				TEST_HOST = "$(BUILT_PRODUCTS_DIR)/SwiftExample.app/SwiftExample";
			};
			name = Debug;
		};
		C54C74181FC0872E00F1531B /* Release */ = {
			isa = XCBuildConfiguration;
			buildSettings = {
				ALWAYS_EMBED_SWIFT_STANDARD_LIBRARIES = YES;
				BUNDLE_LOADER = "$(TEST_HOST)";
				CODE_SIGN_STYLE = Automatic;
				INFOPLIST_FILE = SwiftExampleTests/Info.plist;
				LD_RUNPATH_SEARCH_PATHS = "$(inherited) @executable_path/Frameworks @loader_path/Frameworks";
				PRODUCT_BUNDLE_IDENTIFIER = simplifiedios.SwiftExampleTests;
				PRODUCT_NAME = "$(TARGET_NAME)";
				SWIFT_VERSION = 4.0;
				TARGETED_DEVICE_FAMILY = "1,2";
				TEST_HOST = "$(BUILT_PRODUCTS_DIR)/SwiftExample.app/SwiftExample";
			};
			name = Release;
		};
		C54C741A1FC0872E00F1531B /* Debug */ = {
			isa = XCBuildConfiguration;
			buildSettings = {
				ALWAYS_EMBED_SWIFT_STANDARD_LIBRARIES = YES;
				CODE_SIGN_STYLE = Automatic;
				INFOPLIST_FILE = SwiftExampleUITests/Info.plist;
				LD_RUNPATH_SEARCH_PATHS = "$(inherited) @executable_path/Frameworks @loader_path/Frameworks";
				PRODUCT_BUNDLE_IDENTIFIER = simplifiedios.SwiftExampleUITests;
				PRODUCT_NAME = "$(TARGET_NAME)";
				SWIFT_VERSION = 4.0;
				TARGETED_DEVICE_FAMILY = "1,2";
				TEST_TARGET_NAME = SwiftExample;
			};
			name = Debug;
		};
		C54C741B1FC0872E00F1531B /* Release */ = {
			isa = XCBuildConfiguration;
			buildSettings = {
				ALWAYS_EMBED_SWIFT_STANDARD_LIBRARIES = YES;
				CODE_SIGN_STYLE = Automatic;
				INFOPLIST_FILE = SwiftExampleUITests/Info.plist;
				LD_RUNPATH_SEARCH_PATHS = "$(inherited) @executable_path/Frameworks @loader_path/Frameworks";
				PRODUCT_BUNDLE_IDENTIFIER = simplifiedios.SwiftExampleUITests;
				PRODUCT_NAME = "$(TARGET_NAME)";
				SWIFT_VERSION = 4.0;
				TARGETED_DEVICE_FAMILY = "1,2";
				TEST_TARGET_NAME = SwiftExample;
			};
			name = Release;
		};
/* End XCBuildConfiguration section */

/* Begin XCConfigurationList section */
		C54C73E61FC0872D00F1531B /* Build configuration list for PBXProject "SwiftExample" */ = {
			isa = XCConfigurationList;
			buildConfigurations = (
				C54C74111FC0872E00F1531B /* Debug */,
				C54C74121FC0872E00F1531B /* Release */,
			);
			defaultConfigurationIsVisible = 0;
			defaultConfigurationName = Release;
		};
		C54C74131FC0872E00F1531B /* Build configuration list for PBXNativeTarget "SwiftExample" */ = {
			isa = XCConfigurationList;
			buildConfigurations = (
				C54C74141FC0872E00F1531B /* Debug */,
				C54C74151FC0872E00F1531B /* Release */,
			);
			defaultConfigurationIsVisible = 0;
			defaultConfigurationName = Release;
		};
		C54C74161FC0872E00F1531B /* Build configuration list for PBXNativeTarget "SwiftExampleTests" */ = {
			isa = XCConfigurationList;
			buildConfigurations = (
				C54C74171FC0872E00F1531B /* Debug */,
				C54C74181FC0872E00F1531B /* Release */,
			);
			defaultConfigurationIsVisible = 0;
			defaultConfigurationName = Release;
		};
		C54C74191FC0872E00F1531B /* Build configuration list for PBXNativeTarget "SwiftExampleUITests" */ = {
			isa = XCConfigurationList;
			buildConfigurations = (
				C54C741A1FC0872E00F1531B /* Debug */,
				C54C741B1FC0872E00F1531B /* Release */,
			);
			defaultConfigurationIsVisible = 0;
			defaultConfigurationName = Release;
		};
/* End XCConfigurationList section */
	};
	rootObject = C54C73E31FC0872D00F1531B /* Project object */;
}
